// !$*UTF8*$!
{
	archiveVersion = 1;
	classes = {
	};
	objectVersion = 46;
	objects = {

/* Begin PBXBuildFile section */
		3E07EDE01A9AF8B600B0B29C /* Provinces.m in Sources */ = {isa = PBXBuildFile; fileRef = 3E07EDDF1A9AF8B600B0B29C /* Provinces.m */; };
		5C17B4151A9A57420066E522 /* main.m in Sources */ = {isa = PBXBuildFile; fileRef = 5C17B4141A9A57420066E522 /* main.m */; };
		5C17B41B1A9A57420066E522 /* NexJob.xcdatamodeld in Sources */ = {isa = PBXBuildFile; fileRef = 5C17B4191A9A57420066E522 /* NexJob.xcdatamodeld */; };
		5C17B4211A9A57420066E522 /* Main.storyboard in Resources */ = {isa = PBXBuildFile; fileRef = 5C17B41F1A9A57420066E522 /* Main.storyboard */; };
		5C17B4231A9A57420066E522 /* Images.xcassets in Resources */ = {isa = PBXBuildFile; fileRef = 5C17B4221A9A57420066E522 /* Images.xcassets */; };
		5C17B4321A9A57430066E522 /* NexJobTests.m in Sources */ = {isa = PBXBuildFile; fileRef = 5C17B4311A9A57430066E522 /* NexJobTests.m */; };
		5C17B43D1A9A59440066E522 /* AppDelegate.m in Sources */ = {isa = PBXBuildFile; fileRef = 5C17B43C1A9A59440066E522 /* AppDelegate.m */; };
		5C17B43F1A9A599A0066E522 /* datasetRef.txt in Resources */ = {isa = PBXBuildFile; fileRef = 5C17B43E1A9A599A0066E522 /* datasetRef.txt */; };
		5C17B4421A9A59D30066E522 /* NJDataSetA.xml in Resources */ = {isa = PBXBuildFile; fileRef = 5C17B4401A9A59D30066E522 /* NJDataSetA.xml */; };
		5C17B4431A9A59D30066E522 /* NJDataSetB.xml in Resources */ = {isa = PBXBuildFile; fileRef = 5C17B4411A9A59D30066E522 /* NJDataSetB.xml */; };
		5C17B4631A9A5A0B0066E522 /* NJIndustriesViewController.m in Sources */ = {isa = PBXBuildFile; fileRef = 5C17B4451A9A5A0B0066E522 /* NJIndustriesViewController.m */; };
		5C17B4641A9A5A0B0066E522 /* NJIndustriesViewController.xib in Resources */ = {isa = PBXBuildFile; fileRef = 5C17B4461A9A5A0B0066E522 /* NJIndustriesViewController.xib */; };
		5C17B4651A9A5A0B0066E522 /* NJIntroViewController.m in Sources */ = {isa = PBXBuildFile; fileRef = 5C17B4481A9A5A0B0066E522 /* NJIntroViewController.m */; };
		5C17B4661A9A5A0B0066E522 /* NJIntroViewController.xib in Resources */ = {isa = PBXBuildFile; fileRef = 5C17B4491A9A5A0B0066E522 /* NJIntroViewController.xib */; };
		5C17B4671A9A5A0B0066E522 /* NJJobsViewController.m in Sources */ = {isa = PBXBuildFile; fileRef = 5C17B44B1A9A5A0B0066E522 /* NJJobsViewController.m */; };
		5C17B4681A9A5A0B0066E522 /* NJJobsViewController.xib in Resources */ = {isa = PBXBuildFile; fileRef = 5C17B44C1A9A5A0B0066E522 /* NJJobsViewController.xib */; };
		5C17B4691A9A5A0B0066E522 /* NJJobTableViewCell.m in Sources */ = {isa = PBXBuildFile; fileRef = 5C17B44E1A9A5A0B0066E522 /* NJJobTableViewCell.m */; };
		5C17B46A1A9A5A0B0066E522 /* NJJobTableViewCell.xib in Resources */ = {isa = PBXBuildFile; fileRef = 5C17B44F1A9A5A0B0066E522 /* NJJobTableViewCell.xib */; };
		5C17B46B1A9A5A0B0066E522 /* NJMainNavigationViewController.m in Sources */ = {isa = PBXBuildFile; fileRef = 5C17B4511A9A5A0B0066E522 /* NJMainNavigationViewController.m */; };
		5C17B46C1A9A5A0B0066E522 /* NJMainTabBarController.m in Sources */ = {isa = PBXBuildFile; fileRef = 5C17B4531A9A5A0B0066E522 /* NJMainTabBarController.m */; };
		5C17B46D1A9A5A0B0066E522 /* NJRestProvinceTableViewCell.m in Sources */ = {isa = PBXBuildFile; fileRef = 5C17B4561A9A5A0B0066E522 /* NJRestProvinceTableViewCell.m */; };
		5C17B46E1A9A5A0B0066E522 /* NJRestProvinceTableViewCell.xib in Resources */ = {isa = PBXBuildFile; fileRef = 5C17B4571A9A5A0B0066E522 /* NJRestProvinceTableViewCell.xib */; };
		5C17B46F1A9A5A0B0066E522 /* NJStudyFieldTableViewCell.m in Sources */ = {isa = PBXBuildFile; fileRef = 5C17B4591A9A5A0B0066E522 /* NJStudyFieldTableViewCell.m */; };
		5C17B4701A9A5A0B0066E522 /* NJStudyFieldTableViewCell.xib in Resources */ = {isa = PBXBuildFile; fileRef = 5C17B45A1A9A5A0B0066E522 /* NJStudyFieldTableViewCell.xib */; };
		5C17B4711A9A5A0B0066E522 /* NJStudyFieldViewController.m in Sources */ = {isa = PBXBuildFile; fileRef = 5C17B45C1A9A5A0B0066E522 /* NJStudyFieldViewController.m */; };
		5C17B4721A9A5A0B0066E522 /* NJStudyFieldViewController.xib in Resources */ = {isa = PBXBuildFile; fileRef = 5C17B45D1A9A5A0B0066E522 /* NJStudyFieldViewController.xib */; };
		5C17B4731A9A5A0B0066E522 /* NJTopProvinceTableViewCell.m in Sources */ = {isa = PBXBuildFile; fileRef = 5C17B45F1A9A5A0B0066E522 /* NJTopProvinceTableViewCell.m */; };
		5C17B4741A9A5A0B0066E522 /* NJTopProvinceTableViewCell.xib in Resources */ = {isa = PBXBuildFile; fileRef = 5C17B4601A9A5A0B0066E522 /* NJTopProvinceTableViewCell.xib */; };
		5C17B4751A9A5A0B0066E522 /* UIColor+NJAdditions.m in Sources */ = {isa = PBXBuildFile; fileRef = 5C17B4621A9A5A0B0066E522 /* UIColor+NJAdditions.m */; };
		5C17B47C1A9A5C070066E522 /* NJInfoViewController.m in Sources */ = {isa = PBXBuildFile; fileRef = 5C17B47A1A9A5C070066E522 /* NJInfoViewController.m */; };
		5C17B47D1A9A5C070066E522 /* NJInfoViewController.xib in Resources */ = {isa = PBXBuildFile; fileRef = 5C17B47B1A9A5C070066E522 /* NJInfoViewController.xib */; };
		5C17B4811A9A7DB20066E522 /* JobProjection.xml in Resources */ = {isa = PBXBuildFile; fileRef = 5C17B47E1A9A7DB20066E522 /* JobProjection.xml */; };
		5C17B4821A9A7DB20066E522 /* JobVacancy.xml in Resources */ = {isa = PBXBuildFile; fileRef = 5C17B47F1A9A7DB20066E522 /* JobVacancy.xml */; };
		5C17B4831A9A7DB20066E522 /* LabourForceSurvey.xml in Resources */ = {isa = PBXBuildFile; fileRef = 5C17B4801A9A7DB20066E522 /* LabourForceSurvey.xml */; };
		5C17B48B1A9A801F0066E522 /* NJJobProjectionFetch.m in Sources */ = {isa = PBXBuildFile; fileRef = 5C17B4861A9A801F0066E522 /* NJJobProjectionFetch.m */; };
		5C17B48C1A9A801F0066E522 /* NJJobProjectionParser.m in Sources */ = {isa = PBXBuildFile; fileRef = 5C17B4881A9A801F0066E522 /* NJJobProjectionParser.m */; };
		5C17B48D1A9A801F0066E522 /* NJLabourForceSurveyParser.m in Sources */ = {isa = PBXBuildFile; fileRef = 5C17B48A1A9A801F0066E522 /* NJLabourForceSurveyParser.m */; };
		5C17B49D1A9A821B0066E522 /* JobProjection.m in Sources */ = {isa = PBXBuildFile; fileRef = 5C17B4981A9A821B0066E522 /* JobProjection.m */; };
		5C17B49F1A9A821B0066E522 /* LabourForceSurvey.m in Sources */ = {isa = PBXBuildFile; fileRef = 5C17B49C1A9A821B0066E522 /* LabourForceSurvey.m */; };
		5C17B4A51A9A91DF0066E522 /* JobVacancy.m in Sources */ = {isa = PBXBuildFile; fileRef = 5C17B4A41A9A91DF0066E522 /* JobVacancy.m */; };
		5C17B4BD1A9A93660066E522 /* FetchHelper.m in Sources */ = {isa = PBXBuildFile; fileRef = 5C17B4B61A9A93660066E522 /* FetchHelper.m */; };
		5C17B4BE1A9A93660066E522 /* HourlyWageAndEmployerNumFetchHelp.m in Sources */ = {isa = PBXBuildFile; fileRef = 5C17B4B81A9A93660066E522 /* HourlyWageAndEmployerNumFetchHelp.m */; };
		5C17B4BF1A9A93660066E522 /* NJJobVacancyParser.m in Sources */ = {isa = PBXBuildFile; fileRef = 5C17B4BA1A9A93660066E522 /* NJJobVacancyParser.m */; };
		5C17B4C01A9A93660066E522 /* provincesCoreData.m in Sources */ = {isa = PBXBuildFile; fileRef = 5C17B4BC1A9A93660066E522 /* provincesCoreData.m */; };
		A8DC17915783D989E69E4D47 /* libPods.a in Frameworks */ = {isa = PBXBuildFile; fileRef = 525C38F1F736F8161BFC43E7 /* libPods.a */; };
/* End PBXBuildFile section */

/* Begin PBXContainerItemProxy section */
		5C17B42C1A9A57430066E522 /* PBXContainerItemProxy */ = {
			isa = PBXContainerItemProxy;
			containerPortal = 5C17B4071A9A57420066E522 /* Project object */;
			proxyType = 1;
			remoteGlobalIDString = 5C17B40E1A9A57420066E522;
			remoteInfo = NexJob;
		};
/* End PBXContainerItemProxy section */

/* Begin PBXFileReference section */
		0FCAE223C9C557A46CEE4358 /* Pods.debug.xcconfig */ = {isa = PBXFileReference; includeInIndex = 1; lastKnownFileType = text.xcconfig; name = Pods.debug.xcconfig; path = "Pods/Target Support Files/Pods/Pods.debug.xcconfig"; sourceTree = "<group>"; };
		3E07EDDE1A9AF8B600B0B29C /* Provinces.h */ = {isa = PBXFileReference; fileEncoding = 4; lastKnownFileType = sourcecode.c.h; name = Provinces.h; path = NexJob/Provinces.h; sourceTree = "<group>"; };
		3E07EDDF1A9AF8B600B0B29C /* Provinces.m */ = {isa = PBXFileReference; fileEncoding = 4; lastKnownFileType = sourcecode.c.objc; name = Provinces.m; path = NexJob/Provinces.m; sourceTree = "<group>"; };
		525C38F1F736F8161BFC43E7 /* libPods.a */ = {isa = PBXFileReference; explicitFileType = archive.ar; includeInIndex = 0; path = libPods.a; sourceTree = BUILT_PRODUCTS_DIR; };
		544EF043772C676F68C9B33C /* Pods.release.xcconfig */ = {isa = PBXFileReference; includeInIndex = 1; lastKnownFileType = text.xcconfig; name = Pods.release.xcconfig; path = "Pods/Target Support Files/Pods/Pods.release.xcconfig"; sourceTree = "<group>"; };
		5C17B40F1A9A57420066E522 /* NexJob.app */ = {isa = PBXFileReference; explicitFileType = wrapper.application; includeInIndex = 0; path = NexJob.app; sourceTree = BUILT_PRODUCTS_DIR; };
		5C17B4131A9A57420066E522 /* Info.plist */ = {isa = PBXFileReference; lastKnownFileType = text.plist.xml; path = Info.plist; sourceTree = "<group>"; };
		5C17B4141A9A57420066E522 /* main.m */ = {isa = PBXFileReference; lastKnownFileType = sourcecode.c.objc; path = main.m; sourceTree = "<group>"; };
		5C17B41A1A9A57420066E522 /* NexJob.xcdatamodel */ = {isa = PBXFileReference; lastKnownFileType = wrapper.xcdatamodel; path = NexJob.xcdatamodel; sourceTree = "<group>"; };
		5C17B4201A9A57420066E522 /* Base */ = {isa = PBXFileReference; lastKnownFileType = file.storyboard; name = Base; path = Base.lproj/Main.storyboard; sourceTree = "<group>"; };
		5C17B4221A9A57420066E522 /* Images.xcassets */ = {isa = PBXFileReference; lastKnownFileType = folder.assetcatalog; path = Images.xcassets; sourceTree = "<group>"; };
		5C17B42B1A9A57430066E522 /* NexJobTests.xctest */ = {isa = PBXFileReference; explicitFileType = wrapper.cfbundle; includeInIndex = 0; path = NexJobTests.xctest; sourceTree = BUILT_PRODUCTS_DIR; };
		5C17B4301A9A57430066E522 /* Info.plist */ = {isa = PBXFileReference; lastKnownFileType = text.plist.xml; path = Info.plist; sourceTree = "<group>"; };
		5C17B4311A9A57430066E522 /* NexJobTests.m */ = {isa = PBXFileReference; lastKnownFileType = sourcecode.c.objc; path = NexJobTests.m; sourceTree = "<group>"; };
		5C17B43B1A9A59440066E522 /* AppDelegate.h */ = {isa = PBXFileReference; fileEncoding = 4; lastKnownFileType = sourcecode.c.h; path = AppDelegate.h; sourceTree = "<group>"; };
		5C17B43C1A9A59440066E522 /* AppDelegate.m */ = {isa = PBXFileReference; fileEncoding = 4; lastKnownFileType = sourcecode.c.objc; path = AppDelegate.m; sourceTree = "<group>"; };
		5C17B43E1A9A599A0066E522 /* datasetRef.txt */ = {isa = PBXFileReference; fileEncoding = 4; lastKnownFileType = text; path = datasetRef.txt; sourceTree = "<group>"; };
		5C17B4401A9A59D30066E522 /* NJDataSetA.xml */ = {isa = PBXFileReference; fileEncoding = 4; lastKnownFileType = text.xml; path = NJDataSetA.xml; sourceTree = "<group>"; };
		5C17B4411A9A59D30066E522 /* NJDataSetB.xml */ = {isa = PBXFileReference; fileEncoding = 4; lastKnownFileType = text.xml; path = NJDataSetB.xml; sourceTree = "<group>"; };
		5C17B4441A9A5A0B0066E522 /* NJIndustriesViewController.h */ = {isa = PBXFileReference; fileEncoding = 4; lastKnownFileType = sourcecode.c.h; path = NJIndustriesViewController.h; sourceTree = "<group>"; };
		5C17B4451A9A5A0B0066E522 /* NJIndustriesViewController.m */ = {isa = PBXFileReference; fileEncoding = 4; lastKnownFileType = sourcecode.c.objc; path = NJIndustriesViewController.m; sourceTree = "<group>"; };
		5C17B4461A9A5A0B0066E522 /* NJIndustriesViewController.xib */ = {isa = PBXFileReference; fileEncoding = 4; lastKnownFileType = file.xib; path = NJIndustriesViewController.xib; sourceTree = "<group>"; };
		5C17B4471A9A5A0B0066E522 /* NJIntroViewController.h */ = {isa = PBXFileReference; fileEncoding = 4; lastKnownFileType = sourcecode.c.h; path = NJIntroViewController.h; sourceTree = "<group>"; };
		5C17B4481A9A5A0B0066E522 /* NJIntroViewController.m */ = {isa = PBXFileReference; fileEncoding = 4; lastKnownFileType = sourcecode.c.objc; path = NJIntroViewController.m; sourceTree = "<group>"; };
		5C17B4491A9A5A0B0066E522 /* NJIntroViewController.xib */ = {isa = PBXFileReference; fileEncoding = 4; lastKnownFileType = file.xib; path = NJIntroViewController.xib; sourceTree = "<group>"; };
		5C17B44A1A9A5A0B0066E522 /* NJJobsViewController.h */ = {isa = PBXFileReference; fileEncoding = 4; lastKnownFileType = sourcecode.c.h; path = NJJobsViewController.h; sourceTree = "<group>"; };
		5C17B44B1A9A5A0B0066E522 /* NJJobsViewController.m */ = {isa = PBXFileReference; fileEncoding = 4; lastKnownFileType = sourcecode.c.objc; path = NJJobsViewController.m; sourceTree = "<group>"; };
		5C17B44C1A9A5A0B0066E522 /* NJJobsViewController.xib */ = {isa = PBXFileReference; fileEncoding = 4; lastKnownFileType = file.xib; path = NJJobsViewController.xib; sourceTree = "<group>"; };
		5C17B44D1A9A5A0B0066E522 /* NJJobTableViewCell.h */ = {isa = PBXFileReference; fileEncoding = 4; lastKnownFileType = sourcecode.c.h; path = NJJobTableViewCell.h; sourceTree = "<group>"; };
		5C17B44E1A9A5A0B0066E522 /* NJJobTableViewCell.m */ = {isa = PBXFileReference; fileEncoding = 4; lastKnownFileType = sourcecode.c.objc; path = NJJobTableViewCell.m; sourceTree = "<group>"; };
		5C17B44F1A9A5A0B0066E522 /* NJJobTableViewCell.xib */ = {isa = PBXFileReference; fileEncoding = 4; lastKnownFileType = file.xib; path = NJJobTableViewCell.xib; sourceTree = "<group>"; };
		5C17B4501A9A5A0B0066E522 /* NJMainNavigationViewController.h */ = {isa = PBXFileReference; fileEncoding = 4; lastKnownFileType = sourcecode.c.h; path = NJMainNavigationViewController.h; sourceTree = "<group>"; };
		5C17B4511A9A5A0B0066E522 /* NJMainNavigationViewController.m */ = {isa = PBXFileReference; fileEncoding = 4; lastKnownFileType = sourcecode.c.objc; path = NJMainNavigationViewController.m; sourceTree = "<group>"; };
		5C17B4521A9A5A0B0066E522 /* NJMainTabBarController.h */ = {isa = PBXFileReference; fileEncoding = 4; lastKnownFileType = sourcecode.c.h; path = NJMainTabBarController.h; sourceTree = "<group>"; };
		5C17B4531A9A5A0B0066E522 /* NJMainTabBarController.m */ = {isa = PBXFileReference; fileEncoding = 4; lastKnownFileType = sourcecode.c.objc; path = NJMainTabBarController.m; sourceTree = "<group>"; };
		5C17B4541A9A5A0B0066E522 /* NJPrefixHeader.pch */ = {isa = PBXFileReference; fileEncoding = 4; lastKnownFileType = sourcecode.c.h; path = NJPrefixHeader.pch; sourceTree = "<group>"; };
		5C17B4551A9A5A0B0066E522 /* NJRestProvinceTableViewCell.h */ = {isa = PBXFileReference; fileEncoding = 4; lastKnownFileType = sourcecode.c.h; path = NJRestProvinceTableViewCell.h; sourceTree = "<group>"; };
		5C17B4561A9A5A0B0066E522 /* NJRestProvinceTableViewCell.m */ = {isa = PBXFileReference; fileEncoding = 4; lastKnownFileType = sourcecode.c.objc; path = NJRestProvinceTableViewCell.m; sourceTree = "<group>"; };
		5C17B4571A9A5A0B0066E522 /* NJRestProvinceTableViewCell.xib */ = {isa = PBXFileReference; fileEncoding = 4; lastKnownFileType = file.xib; path = NJRestProvinceTableViewCell.xib; sourceTree = "<group>"; };
		5C17B4581A9A5A0B0066E522 /* NJStudyFieldTableViewCell.h */ = {isa = PBXFileReference; fileEncoding = 4; lastKnownFileType = sourcecode.c.h; path = NJStudyFieldTableViewCell.h; sourceTree = "<group>"; };
		5C17B4591A9A5A0B0066E522 /* NJStudyFieldTableViewCell.m */ = {isa = PBXFileReference; fileEncoding = 4; lastKnownFileType = sourcecode.c.objc; path = NJStudyFieldTableViewCell.m; sourceTree = "<group>"; };
		5C17B45A1A9A5A0B0066E522 /* NJStudyFieldTableViewCell.xib */ = {isa = PBXFileReference; fileEncoding = 4; lastKnownFileType = file.xib; path = NJStudyFieldTableViewCell.xib; sourceTree = "<group>"; };
		5C17B45B1A9A5A0B0066E522 /* NJStudyFieldViewController.h */ = {isa = PBXFileReference; fileEncoding = 4; lastKnownFileType = sourcecode.c.h; path = NJStudyFieldViewController.h; sourceTree = "<group>"; };
		5C17B45C1A9A5A0B0066E522 /* NJStudyFieldViewController.m */ = {isa = PBXFileReference; fileEncoding = 4; lastKnownFileType = sourcecode.c.objc; path = NJStudyFieldViewController.m; sourceTree = "<group>"; };
		5C17B45D1A9A5A0B0066E522 /* NJStudyFieldViewController.xib */ = {isa = PBXFileReference; fileEncoding = 4; lastKnownFileType = file.xib; path = NJStudyFieldViewController.xib; sourceTree = "<group>"; };
		5C17B45E1A9A5A0B0066E522 /* NJTopProvinceTableViewCell.h */ = {isa = PBXFileReference; fileEncoding = 4; lastKnownFileType = sourcecode.c.h; path = NJTopProvinceTableViewCell.h; sourceTree = "<group>"; };
		5C17B45F1A9A5A0B0066E522 /* NJTopProvinceTableViewCell.m */ = {isa = PBXFileReference; fileEncoding = 4; lastKnownFileType = sourcecode.c.objc; path = NJTopProvinceTableViewCell.m; sourceTree = "<group>"; };
		5C17B4601A9A5A0B0066E522 /* NJTopProvinceTableViewCell.xib */ = {isa = PBXFileReference; fileEncoding = 4; lastKnownFileType = file.xib; path = NJTopProvinceTableViewCell.xib; sourceTree = "<group>"; };
		5C17B4611A9A5A0B0066E522 /* UIColor+NJAdditions.h */ = {isa = PBXFileReference; fileEncoding = 4; lastKnownFileType = sourcecode.c.h; path = "UIColor+NJAdditions.h"; sourceTree = "<group>"; };
		5C17B4621A9A5A0B0066E522 /* UIColor+NJAdditions.m */ = {isa = PBXFileReference; fileEncoding = 4; lastKnownFileType = sourcecode.c.objc; path = "UIColor+NJAdditions.m"; sourceTree = "<group>"; };
		5C17B4791A9A5C070066E522 /* NJInfoViewController.h */ = {isa = PBXFileReference; fileEncoding = 4; lastKnownFileType = sourcecode.c.h; path = NJInfoViewController.h; sourceTree = "<group>"; };
		5C17B47A1A9A5C070066E522 /* NJInfoViewController.m */ = {isa = PBXFileReference; fileEncoding = 4; lastKnownFileType = sourcecode.c.objc; path = NJInfoViewController.m; sourceTree = "<group>"; };
		5C17B47B1A9A5C070066E522 /* NJInfoViewController.xib */ = {isa = PBXFileReference; fileEncoding = 4; lastKnownFileType = file.xib; path = NJInfoViewController.xib; sourceTree = "<group>"; };
		5C17B47E1A9A7DB20066E522 /* JobProjection.xml */ = {isa = PBXFileReference; fileEncoding = 4; lastKnownFileType = text.xml; path = JobProjection.xml; sourceTree = "<group>"; };
		5C17B47F1A9A7DB20066E522 /* JobVacancy.xml */ = {isa = PBXFileReference; fileEncoding = 4; lastKnownFileType = text.xml; path = JobVacancy.xml; sourceTree = "<group>"; };
		5C17B4801A9A7DB20066E522 /* LabourForceSurvey.xml */ = {isa = PBXFileReference; fileEncoding = 4; lastKnownFileType = text.xml; path = LabourForceSurvey.xml; sourceTree = "<group>"; };
		5C17B4851A9A801F0066E522 /* NJJobProjectionFetch.h */ = {isa = PBXFileReference; fileEncoding = 4; lastKnownFileType = sourcecode.c.h; path = NJJobProjectionFetch.h; sourceTree = "<group>"; };
		5C17B4861A9A801F0066E522 /* NJJobProjectionFetch.m */ = {isa = PBXFileReference; fileEncoding = 4; lastKnownFileType = sourcecode.c.objc; path = NJJobProjectionFetch.m; sourceTree = "<group>"; };
		5C17B4871A9A801F0066E522 /* NJJobProjectionParser.h */ = {isa = PBXFileReference; fileEncoding = 4; lastKnownFileType = sourcecode.c.h; path = NJJobProjectionParser.h; sourceTree = "<group>"; };
		5C17B4881A9A801F0066E522 /* NJJobProjectionParser.m */ = {isa = PBXFileReference; fileEncoding = 4; lastKnownFileType = sourcecode.c.objc; path = NJJobProjectionParser.m; sourceTree = "<group>"; };
		5C17B4891A9A801F0066E522 /* NJLabourForceSurveyParser.h */ = {isa = PBXFileReference; fileEncoding = 4; lastKnownFileType = sourcecode.c.h; path = NJLabourForceSurveyParser.h; sourceTree = "<group>"; };
		5C17B48A1A9A801F0066E522 /* NJLabourForceSurveyParser.m */ = {isa = PBXFileReference; fileEncoding = 4; lastKnownFileType = sourcecode.c.objc; path = NJLabourForceSurveyParser.m; sourceTree = "<group>"; };
		5C17B4971A9A821B0066E522 /* JobProjection.h */ = {isa = PBXFileReference; fileEncoding = 4; lastKnownFileType = sourcecode.c.h; path = JobProjection.h; sourceTree = "<group>"; };
		5C17B4981A9A821B0066E522 /* JobProjection.m */ = {isa = PBXFileReference; fileEncoding = 4; lastKnownFileType = sourcecode.c.objc; path = JobProjection.m; sourceTree = "<group>"; };
		5C17B49B1A9A821B0066E522 /* LabourForceSurvey.h */ = {isa = PBXFileReference; fileEncoding = 4; lastKnownFileType = sourcecode.c.h; path = LabourForceSurvey.h; sourceTree = "<group>"; };
		5C17B49C1A9A821B0066E522 /* LabourForceSurvey.m */ = {isa = PBXFileReference; fileEncoding = 4; lastKnownFileType = sourcecode.c.objc; path = LabourForceSurvey.m; sourceTree = "<group>"; };
		5C17B4A31A9A91DF0066E522 /* JobVacancy.h */ = {isa = PBXFileReference; fileEncoding = 4; lastKnownFileType = sourcecode.c.h; path = JobVacancy.h; sourceTree = "<group>"; };
		5C17B4A41A9A91DF0066E522 /* JobVacancy.m */ = {isa = PBXFileReference; fileEncoding = 4; lastKnownFileType = sourcecode.c.objc; path = JobVacancy.m; sourceTree = "<group>"; };
		5C17B4B51A9A93660066E522 /* FetchHelper.h */ = {isa = PBXFileReference; fileEncoding = 4; lastKnownFileType = sourcecode.c.h; path = FetchHelper.h; sourceTree = "<group>"; };
		5C17B4B61A9A93660066E522 /* FetchHelper.m */ = {isa = PBXFileReference; fileEncoding = 4; lastKnownFileType = sourcecode.c.objc; path = FetchHelper.m; sourceTree = "<group>"; };
		5C17B4B71A9A93660066E522 /* HourlyWageAndEmployerNumFetchHelp.h */ = {isa = PBXFileReference; fileEncoding = 4; lastKnownFileType = sourcecode.c.h; path = HourlyWageAndEmployerNumFetchHelp.h; sourceTree = "<group>"; };
		5C17B4B81A9A93660066E522 /* HourlyWageAndEmployerNumFetchHelp.m */ = {isa = PBXFileReference; fileEncoding = 4; lastKnownFileType = sourcecode.c.objc; path = HourlyWageAndEmployerNumFetchHelp.m; sourceTree = "<group>"; };
		5C17B4B91A9A93660066E522 /* NJJobVacancyParser.h */ = {isa = PBXFileReference; fileEncoding = 4; lastKnownFileType = sourcecode.c.h; path = NJJobVacancyParser.h; sourceTree = "<group>"; };
		5C17B4BA1A9A93660066E522 /* NJJobVacancyParser.m */ = {isa = PBXFileReference; fileEncoding = 4; lastKnownFileType = sourcecode.c.objc; path = NJJobVacancyParser.m; sourceTree = "<group>"; };
		5C17B4BB1A9A93660066E522 /* provincesCoreData.h */ = {isa = PBXFileReference; fileEncoding = 4; lastKnownFileType = sourcecode.c.h; path = provincesCoreData.h; sourceTree = "<group>"; };
		5C17B4BC1A9A93660066E522 /* provincesCoreData.m */ = {isa = PBXFileReference; fileEncoding = 4; lastKnownFileType = sourcecode.c.objc; path = provincesCoreData.m; sourceTree = "<group>"; };
/* End PBXFileReference section */

/* Begin PBXFrameworksBuildPhase section */
		5C17B40C1A9A57420066E522 /* Frameworks */ = {
			isa = PBXFrameworksBuildPhase;
			buildActionMask = 2147483647;
			files = (
				A8DC17915783D989E69E4D47 /* libPods.a in Frameworks */,
			);
			runOnlyForDeploymentPostprocessing = 0;
		};
		5C17B4281A9A57430066E522 /* Frameworks */ = {
			isa = PBXFrameworksBuildPhase;
			buildActionMask = 2147483647;
			files = (
			);
			runOnlyForDeploymentPostprocessing = 0;
		};
/* End PBXFrameworksBuildPhase section */

/* Begin PBXGroup section */
		4377A8D0E8A0C597B2E2DEAA /* Pods */ = {
			isa = PBXGroup;
			children = (
				0FCAE223C9C557A46CEE4358 /* Pods.debug.xcconfig */,
				544EF043772C676F68C9B33C /* Pods.release.xcconfig */,
			);
			name = Pods;
			sourceTree = "<group>";
		};
		5C17B4061A9A57420066E522 = {
			isa = PBXGroup;
			children = (
				3E07EDDE1A9AF8B600B0B29C /* Provinces.h */,
				3E07EDDF1A9AF8B600B0B29C /* Provinces.m */,
				5C17B4111A9A57420066E522 /* NexJob */,
				5C17B42E1A9A57430066E522 /* NexJobTests */,
				5C17B4101A9A57420066E522 /* Products */,
				4377A8D0E8A0C597B2E2DEAA /* Pods */,
				F399C235C238C114C56394D8 /* Frameworks */,
			);
			sourceTree = "<group>";
		};
		5C17B4101A9A57420066E522 /* Products */ = {
			isa = PBXGroup;
			children = (
				5C17B40F1A9A57420066E522 /* NexJob.app */,
				5C17B42B1A9A57430066E522 /* NexJobTests.xctest */,
			);
			name = Products;
			sourceTree = "<group>";
		};
		5C17B4111A9A57420066E522 /* NexJob */ = {
			isa = PBXGroup;
			children = (
				5C17B43B1A9A59440066E522 /* AppDelegate.h */,
				5C17B43C1A9A59440066E522 /* AppDelegate.m */,
				5C17B41F1A9A57420066E522 /* Main.storyboard */,
				5C17B4221A9A57420066E522 /* Images.xcassets */,
				5C17B4781A9A5A720066E522 /* Categories */,
				5C17B4771A9A5A1B0066E522 /* Table View Cells */,
				5C17B4761A9A5A0F0066E522 /* View Controllers */,
				5C17B4841A9A7FF90066E522 /* Job Core Data Parser Classes */,
				5C17B4191A9A57420066E522 /* NexJob.xcdatamodeld */,
				5C17B4971A9A821B0066E522 /* JobProjection.h */,
				5C17B4981A9A821B0066E522 /* JobProjection.m */,
				5C17B4A31A9A91DF0066E522 /* JobVacancy.h */,
				5C17B4A41A9A91DF0066E522 /* JobVacancy.m */,
				5C17B49B1A9A821B0066E522 /* LabourForceSurvey.h */,
				5C17B49C1A9A821B0066E522 /* LabourForceSurvey.m */,
				5C17B4121A9A57420066E522 /* Supporting Files */,
			);
			path = NexJob;
			sourceTree = "<group>";
		};
		5C17B4121A9A57420066E522 /* Supporting Files */ = {
			isa = PBXGroup;
			children = (
				5C17B4541A9A5A0B0066E522 /* NJPrefixHeader.pch */,
				5C17B4131A9A57420066E522 /* Info.plist */,
				5C17B4141A9A57420066E522 /* main.m */,
				5C17B43E1A9A599A0066E522 /* datasetRef.txt */,
				5C17B4401A9A59D30066E522 /* NJDataSetA.xml */,
				5C17B4411A9A59D30066E522 /* NJDataSetB.xml */,
				5C17B47E1A9A7DB20066E522 /* JobProjection.xml */,
				5C17B47F1A9A7DB20066E522 /* JobVacancy.xml */,
				5C17B4801A9A7DB20066E522 /* LabourForceSurvey.xml */,
			);
			name = "Supporting Files";
			sourceTree = "<group>";
		};
		5C17B42E1A9A57430066E522 /* NexJobTests */ = {
			isa = PBXGroup;
			children = (
				5C17B4311A9A57430066E522 /* NexJobTests.m */,
				5C17B42F1A9A57430066E522 /* Supporting Files */,
			);
			path = NexJobTests;
			sourceTree = "<group>";
		};
		5C17B42F1A9A57430066E522 /* Supporting Files */ = {
			isa = PBXGroup;
			children = (
				5C17B4301A9A57430066E522 /* Info.plist */,
			);
			name = "Supporting Files";
			sourceTree = "<group>";
		};
		5C17B4761A9A5A0F0066E522 /* View Controllers */ = {
			isa = PBXGroup;
			children = (
				5C17B4501A9A5A0B0066E522 /* NJMainNavigationViewController.h */,
				5C17B4511A9A5A0B0066E522 /* NJMainNavigationViewController.m */,
				5C17B4521A9A5A0B0066E522 /* NJMainTabBarController.h */,
				5C17B4531A9A5A0B0066E522 /* NJMainTabBarController.m */,
				5C17B4471A9A5A0B0066E522 /* NJIntroViewController.h */,
				5C17B4481A9A5A0B0066E522 /* NJIntroViewController.m */,
				5C17B4491A9A5A0B0066E522 /* NJIntroViewController.xib */,
				5C17B45B1A9A5A0B0066E522 /* NJStudyFieldViewController.h */,
				5C17B45C1A9A5A0B0066E522 /* NJStudyFieldViewController.m */,
				5C17B45D1A9A5A0B0066E522 /* NJStudyFieldViewController.xib */,
				5C17B4791A9A5C070066E522 /* NJInfoViewController.h */,
				5C17B47A1A9A5C070066E522 /* NJInfoViewController.m */,
				5C17B47B1A9A5C070066E522 /* NJInfoViewController.xib */,
				5C17B44A1A9A5A0B0066E522 /* NJJobsViewController.h */,
				5C17B44B1A9A5A0B0066E522 /* NJJobsViewController.m */,
				5C17B44C1A9A5A0B0066E522 /* NJJobsViewController.xib */,
				5C17B4441A9A5A0B0066E522 /* NJIndustriesViewController.h */,
				5C17B4451A9A5A0B0066E522 /* NJIndustriesViewController.m */,
				5C17B4461A9A5A0B0066E522 /* NJIndustriesViewController.xib */,
			);
			name = "View Controllers";
			sourceTree = "<group>";
		};
		5C17B4771A9A5A1B0066E522 /* Table View Cells */ = {
			isa = PBXGroup;
			children = (
				5C17B44D1A9A5A0B0066E522 /* NJJobTableViewCell.h */,
				5C17B44E1A9A5A0B0066E522 /* NJJobTableViewCell.m */,
				5C17B44F1A9A5A0B0066E522 /* NJJobTableViewCell.xib */,
				5C17B45E1A9A5A0B0066E522 /* NJTopProvinceTableViewCell.h */,
				5C17B45F1A9A5A0B0066E522 /* NJTopProvinceTableViewCell.m */,
				5C17B4601A9A5A0B0066E522 /* NJTopProvinceTableViewCell.xib */,
				5C17B4551A9A5A0B0066E522 /* NJRestProvinceTableViewCell.h */,
				5C17B4561A9A5A0B0066E522 /* NJRestProvinceTableViewCell.m */,
				5C17B4571A9A5A0B0066E522 /* NJRestProvinceTableViewCell.xib */,
				5C17B4581A9A5A0B0066E522 /* NJStudyFieldTableViewCell.h */,
				5C17B4591A9A5A0B0066E522 /* NJStudyFieldTableViewCell.m */,
				5C17B45A1A9A5A0B0066E522 /* NJStudyFieldTableViewCell.xib */,
			);
			name = "Table View Cells";
			sourceTree = "<group>";
		};
		5C17B4781A9A5A720066E522 /* Categories */ = {
			isa = PBXGroup;
			children = (
				5C17B4611A9A5A0B0066E522 /* UIColor+NJAdditions.h */,
				5C17B4621A9A5A0B0066E522 /* UIColor+NJAdditions.m */,
			);
			name = Categories;
			sourceTree = "<group>";
		};
		5C17B4841A9A7FF90066E522 /* Job Core Data Parser Classes */ = {
			isa = PBXGroup;
			children = (
				5C17B4B51A9A93660066E522 /* FetchHelper.h */,
				5C17B4B61A9A93660066E522 /* FetchHelper.m */,
				5C17B4B71A9A93660066E522 /* HourlyWageAndEmployerNumFetchHelp.h */,
				5C17B4B81A9A93660066E522 /* HourlyWageAndEmployerNumFetchHelp.m */,
				5C17B4B91A9A93660066E522 /* NJJobVacancyParser.h */,
				5C17B4BA1A9A93660066E522 /* NJJobVacancyParser.m */,
				5C17B4BB1A9A93660066E522 /* provincesCoreData.h */,
				5C17B4BC1A9A93660066E522 /* provincesCoreData.m */,
				5C17B4851A9A801F0066E522 /* NJJobProjectionFetch.h */,
				5C17B4861A9A801F0066E522 /* NJJobProjectionFetch.m */,
				5C17B4871A9A801F0066E522 /* NJJobProjectionParser.h */,
				5C17B4881A9A801F0066E522 /* NJJobProjectionParser.m */,
				5C17B4891A9A801F0066E522 /* NJLabourForceSurveyParser.h */,
				5C17B48A1A9A801F0066E522 /* NJLabourForceSurveyParser.m */,
			);
			name = "Job Core Data Parser Classes";
			sourceTree = "<group>";
		};
		F399C235C238C114C56394D8 /* Frameworks */ = {
			isa = PBXGroup;
			children = (
				525C38F1F736F8161BFC43E7 /* libPods.a */,
			);
			name = Frameworks;
			sourceTree = "<group>";
		};
/* End PBXGroup section */

/* Begin PBXNativeTarget section */
		5C17B40E1A9A57420066E522 /* NexJob */ = {
			isa = PBXNativeTarget;
			buildConfigurationList = 5C17B4351A9A57430066E522 /* Build configuration list for PBXNativeTarget "NexJob" */;
			buildPhases = (
				89AB382E55B6794E169FACE6 /* Check Pods Manifest.lock */,
				5C17B40B1A9A57420066E522 /* Sources */,
				5C17B40C1A9A57420066E522 /* Frameworks */,
				5C17B40D1A9A57420066E522 /* Resources */,
				63D647B13F280265C821E13A /* Copy Pods Resources */,
			);
			buildRules = (
			);
			dependencies = (
			);
			name = NexJob;
			productName = NexJob;
			productReference = 5C17B40F1A9A57420066E522 /* NexJob.app */;
			productType = "com.apple.product-type.application";
		};
		5C17B42A1A9A57430066E522 /* NexJobTests */ = {
			isa = PBXNativeTarget;
			buildConfigurationList = 5C17B4381A9A57430066E522 /* Build configuration list for PBXNativeTarget "NexJobTests" */;
			buildPhases = (
				5C17B4271A9A57430066E522 /* Sources */,
				5C17B4281A9A57430066E522 /* Frameworks */,
				5C17B4291A9A57430066E522 /* Resources */,
			);
			buildRules = (
			);
			dependencies = (
				5C17B42D1A9A57430066E522 /* PBXTargetDependency */,
			);
			name = NexJobTests;
			productName = NexJobTests;
			productReference = 5C17B42B1A9A57430066E522 /* NexJobTests.xctest */;
			productType = "com.apple.product-type.bundle.unit-test";
		};
/* End PBXNativeTarget section */

/* Begin PBXProject section */
		5C17B4071A9A57420066E522 /* Project object */ = {
			isa = PBXProject;
			attributes = {
				LastUpgradeCheck = 0610;
				ORGANIZATIONNAME = "War of the Totems";
				TargetAttributes = {
					5C17B40E1A9A57420066E522 = {
						CreatedOnToolsVersion = 6.1.1;
						DevelopmentTeam = PF37Q52TW3;
					};
					5C17B42A1A9A57430066E522 = {
						CreatedOnToolsVersion = 6.1.1;
						TestTargetID = 5C17B40E1A9A57420066E522;
					};
				};
			};
			buildConfigurationList = 5C17B40A1A9A57420066E522 /* Build configuration list for PBXProject "NexJob" */;
			compatibilityVersion = "Xcode 3.2";
			developmentRegion = English;
			hasScannedForEncodings = 0;
			knownRegions = (
				en,
				Base,
			);
			mainGroup = 5C17B4061A9A57420066E522;
			productRefGroup = 5C17B4101A9A57420066E522 /* Products */;
			projectDirPath = "";
			projectRoot = "";
			targets = (
				5C17B40E1A9A57420066E522 /* NexJob */,
				5C17B42A1A9A57430066E522 /* NexJobTests */,
			);
		};
/* End PBXProject section */

/* Begin PBXResourcesBuildPhase section */
		5C17B40D1A9A57420066E522 /* Resources */ = {
			isa = PBXResourcesBuildPhase;
			buildActionMask = 2147483647;
			files = (
				5C17B47D1A9A5C070066E522 /* NJInfoViewController.xib in Resources */,
				5C17B4211A9A57420066E522 /* Main.storyboard in Resources */,
				5C17B4231A9A57420066E522 /* Images.xcassets in Resources */,
				5C17B46E1A9A5A0B0066E522 /* NJRestProvinceTableViewCell.xib in Resources */,
				5C17B46A1A9A5A0B0066E522 /* NJJobTableViewCell.xib in Resources */,
				5C17B4741A9A5A0B0066E522 /* NJTopProvinceTableViewCell.xib in Resources */,
				5C17B4811A9A7DB20066E522 /* JobProjection.xml in Resources */,
				5C17B4421A9A59D30066E522 /* NJDataSetA.xml in Resources */,
				5C17B4701A9A5A0B0066E522 /* NJStudyFieldTableViewCell.xib in Resources */,
				5C17B4721A9A5A0B0066E522 /* NJStudyFieldViewController.xib in Resources */,
				5C17B43F1A9A599A0066E522 /* datasetRef.txt in Resources */,
				5C17B4831A9A7DB20066E522 /* LabourForceSurvey.xml in Resources */,
				5C17B4661A9A5A0B0066E522 /* NJIntroViewController.xib in Resources */,
				5C17B4431A9A59D30066E522 /* NJDataSetB.xml in Resources */,
				5C17B4821A9A7DB20066E522 /* JobVacancy.xml in Resources */,
				5C17B4681A9A5A0B0066E522 /* NJJobsViewController.xib in Resources */,
				5C17B4641A9A5A0B0066E522 /* NJIndustriesViewController.xib in Resources */,
			);
			runOnlyForDeploymentPostprocessing = 0;
		};
		5C17B4291A9A57430066E522 /* Resources */ = {
			isa = PBXResourcesBuildPhase;
			buildActionMask = 2147483647;
			files = (
			);
			runOnlyForDeploymentPostprocessing = 0;
		};
/* End PBXResourcesBuildPhase section */

/* Begin PBXShellScriptBuildPhase section */
		63D647B13F280265C821E13A /* Copy Pods Resources */ = {
			isa = PBXShellScriptBuildPhase;
			buildActionMask = 2147483647;
			files = (
			);
			inputPaths = (
			);
			name = "Copy Pods Resources";
			outputPaths = (
			);
			runOnlyForDeploymentPostprocessing = 0;
			shellPath = /bin/sh;
			shellScript = "\"${SRCROOT}/Pods/Target Support Files/Pods/Pods-resources.sh\"\n";
			showEnvVarsInLog = 0;
		};
		89AB382E55B6794E169FACE6 /* Check Pods Manifest.lock */ = {
			isa = PBXShellScriptBuildPhase;
			buildActionMask = 2147483647;
			files = (
			);
			inputPaths = (
			);
			name = "Check Pods Manifest.lock";
			outputPaths = (
			);
			runOnlyForDeploymentPostprocessing = 0;
			shellPath = /bin/sh;
			shellScript = "diff \"${PODS_ROOT}/../Podfile.lock\" \"${PODS_ROOT}/Manifest.lock\" > /dev/null\nif [[ $? != 0 ]] ; then\n    cat << EOM\nerror: The sandbox is not in sync with the Podfile.lock. Run 'pod install' or update your CocoaPods installation.\nEOM\n    exit 1\nfi\n";
			showEnvVarsInLog = 0;
		};
/* End PBXShellScriptBuildPhase section */

/* Begin PBXSourcesBuildPhase section */
		5C17B40B1A9A57420066E522 /* Sources */ = {
			isa = PBXSourcesBuildPhase;
			buildActionMask = 2147483647;
			files = (
				5C17B46F1A9A5A0B0066E522 /* NJStudyFieldTableViewCell.m in Sources */,
				5C17B48D1A9A801F0066E522 /* NJLabourForceSurveyParser.m in Sources */,
				5C17B49D1A9A821B0066E522 /* JobProjection.m in Sources */,
				5C17B4691A9A5A0B0066E522 /* NJJobTableViewCell.m in Sources */,
				5C17B4C01A9A93660066E522 /* provincesCoreData.m in Sources */,
				5C17B4671A9A5A0B0066E522 /* NJJobsViewController.m in Sources */,
				5C17B47C1A9A5C070066E522 /* NJInfoViewController.m in Sources */,
				5C17B4711A9A5A0B0066E522 /* NJStudyFieldViewController.m in Sources */,
				5C17B4651A9A5A0B0066E522 /* NJIntroViewController.m in Sources */,
				5C17B4BE1A9A93660066E522 /* HourlyWageAndEmployerNumFetchHelp.m in Sources */,
				5C17B4731A9A5A0B0066E522 /* NJTopProvinceTableViewCell.m in Sources */,
				5C17B4631A9A5A0B0066E522 /* NJIndustriesViewController.m in Sources */,
				5C17B43D1A9A59440066E522 /* AppDelegate.m in Sources */,
				5C17B48C1A9A801F0066E522 /* NJJobProjectionParser.m in Sources */,
				5C17B41B1A9A57420066E522 /* NexJob.xcdatamodeld in Sources */,
				5C17B46B1A9A5A0B0066E522 /* NJMainNavigationViewController.m in Sources */,
				5C17B49F1A9A821B0066E522 /* LabourForceSurvey.m in Sources */,
				5C17B48B1A9A801F0066E522 /* NJJobProjectionFetch.m in Sources */,
				5C17B4A51A9A91DF0066E522 /* JobVacancy.m in Sources */,
				5C17B4BD1A9A93660066E522 /* FetchHelper.m in Sources */,
				5C17B4BF1A9A93660066E522 /* NJJobVacancyParser.m in Sources */,
				3E07EDE01A9AF8B600B0B29C /* Provinces.m in Sources */,
				5C17B46D1A9A5A0B0066E522 /* NJRestProvinceTableViewCell.m in Sources */,
				5C17B4751A9A5A0B0066E522 /* UIColor+NJAdditions.m in Sources */,
				5C17B4151A9A57420066E522 /* main.m in Sources */,
				5C17B46C1A9A5A0B0066E522 /* NJMainTabBarController.m in Sources */,
			);
			runOnlyForDeploymentPostprocessing = 0;
		};
		5C17B4271A9A57430066E522 /* Sources */ = {
			isa = PBXSourcesBuildPhase;
			buildActionMask = 2147483647;
			files = (
				5C17B4321A9A57430066E522 /* NexJobTests.m in Sources */,
			);
			runOnlyForDeploymentPostprocessing = 0;
		};
/* End PBXSourcesBuildPhase section */

/* Begin PBXTargetDependency section */
		5C17B42D1A9A57430066E522 /* PBXTargetDependency */ = {
			isa = PBXTargetDependency;
			target = 5C17B40E1A9A57420066E522 /* NexJob */;
			targetProxy = 5C17B42C1A9A57430066E522 /* PBXContainerItemProxy */;
		};
/* End PBXTargetDependency section */

/* Begin PBXVariantGroup section */
		5C17B41F1A9A57420066E522 /* Main.storyboard */ = {
			isa = PBXVariantGroup;
			children = (
				5C17B4201A9A57420066E522 /* Base */,
			);
			name = Main.storyboard;
			sourceTree = "<group>";
		};
/* End PBXVariantGroup section */

/* Begin XCBuildConfiguration section */
		5C17B4331A9A57430066E522 /* Debug */ = {
			isa = XCBuildConfiguration;
			buildSettings = {
				ALWAYS_SEARCH_USER_PATHS = NO;
				CLANG_CXX_LANGUAGE_STANDARD = "gnu++0x";
				CLANG_CXX_LIBRARY = "libc++";
				CLANG_ENABLE_MODULES = YES;
				CLANG_ENABLE_OBJC_ARC = YES;
				CLANG_WARN_BOOL_CONVERSION = YES;
				CLANG_WARN_CONSTANT_CONVERSION = YES;
				CLANG_WARN_DIRECT_OBJC_ISA_USAGE = YES_ERROR;
				CLANG_WARN_EMPTY_BODY = YES;
				CLANG_WARN_ENUM_CONVERSION = YES;
				CLANG_WARN_INT_CONVERSION = YES;
				CLANG_WARN_OBJC_ROOT_CLASS = YES_ERROR;
				CLANG_WARN_UNREACHABLE_CODE = YES;
				CLANG_WARN__DUPLICATE_METHOD_MATCH = YES;
				"CODE_SIGN_IDENTITY[sdk=iphoneos*]" = "iPhone Developer";
				COPY_PHASE_STRIP = NO;
				ENABLE_STRICT_OBJC_MSGSEND = YES;
				GCC_C_LANGUAGE_STANDARD = gnu99;
				GCC_DYNAMIC_NO_PIC = NO;
				GCC_OPTIMIZATION_LEVEL = 0;
				GCC_PREFIX_HEADER = NexJob/NJPrefixHeader.pch;
				GCC_PREPROCESSOR_DEFINITIONS = (
					"DEBUG=1",
					"$(inherited)",
				);
				GCC_SYMBOLS_PRIVATE_EXTERN = NO;
				GCC_WARN_64_TO_32_BIT_CONVERSION = YES;
				GCC_WARN_ABOUT_RETURN_TYPE = YES_ERROR;
				GCC_WARN_UNDECLARED_SELECTOR = YES;
				GCC_WARN_UNINITIALIZED_AUTOS = YES_AGGRESSIVE;
				GCC_WARN_UNUSED_FUNCTION = YES;
				GCC_WARN_UNUSED_VARIABLE = YES;
				IPHONEOS_DEPLOYMENT_TARGET = 8.1;
				MTL_ENABLE_DEBUG_INFO = YES;
				ONLY_ACTIVE_ARCH = YES;
				SDKROOT = iphoneos;
			};
			name = Debug;
		};
		5C17B4341A9A57430066E522 /* Release */ = {
			isa = XCBuildConfiguration;
			buildSettings = {
				ALWAYS_SEARCH_USER_PATHS = NO;
				CLANG_CXX_LANGUAGE_STANDARD = "gnu++0x";
				CLANG_CXX_LIBRARY = "libc++";
				CLANG_ENABLE_MODULES = YES;
				CLANG_ENABLE_OBJC_ARC = YES;
				CLANG_WARN_BOOL_CONVERSION = YES;
				CLANG_WARN_CONSTANT_CONVERSION = YES;
				CLANG_WARN_DIRECT_OBJC_ISA_USAGE = YES_ERROR;
				CLANG_WARN_EMPTY_BODY = YES;
				CLANG_WARN_ENUM_CONVERSION = YES;
				CLANG_WARN_INT_CONVERSION = YES;
				CLANG_WARN_OBJC_ROOT_CLASS = YES_ERROR;
				CLANG_WARN_UNREACHABLE_CODE = YES;
				CLANG_WARN__DUPLICATE_METHOD_MATCH = YES;
				"CODE_SIGN_IDENTITY[sdk=iphoneos*]" = "iPhone Developer";
				COPY_PHASE_STRIP = YES;
				ENABLE_NS_ASSERTIONS = NO;
				ENABLE_STRICT_OBJC_MSGSEND = YES;
				GCC_C_LANGUAGE_STANDARD = gnu99;
				GCC_PREFIX_HEADER = NexJob/NJPrefixHeader.pch;
				GCC_WARN_64_TO_32_BIT_CONVERSION = YES;
				GCC_WARN_ABOUT_RETURN_TYPE = YES_ERROR;
				GCC_WARN_UNDECLARED_SELECTOR = YES;
				GCC_WARN_UNINITIALIZED_AUTOS = YES_AGGRESSIVE;
				GCC_WARN_UNUSED_FUNCTION = YES;
				GCC_WARN_UNUSED_VARIABLE = YES;
				IPHONEOS_DEPLOYMENT_TARGET = 8.1;
				MTL_ENABLE_DEBUG_INFO = NO;
				SDKROOT = iphoneos;
				VALIDATE_PRODUCT = YES;
			};
			name = Release;
		};
		5C17B4361A9A57430066E522 /* Debug */ = {
			isa = XCBuildConfiguration;
			baseConfigurationReference = 0FCAE223C9C557A46CEE4358 /* Pods.debug.xcconfig */;
			buildSettings = {
				ASSETCATALOG_COMPILER_APPICON_NAME = AppIcon;
				ASSETCATALOG_COMPILER_LAUNCHIMAGE_NAME = LaunchImage;
				CODE_SIGN_IDENTITY = "iPhone Developer: Kwang-Hee Park (XTF92X56W5)";
				INFOPLIST_FILE = NexJob/Info.plist;
				IPHONEOS_DEPLOYMENT_TARGET = 8.0;
				LD_RUNPATH_SEARCH_PATHS = "$(inherited) @executable_path/Frameworks";
				PRODUCT_NAME = "$(TARGET_NAME)";
				PROVISIONING_PROFILE = "a43aaede-0a7e-46bd-a136-23a045ff350f";
			};
			name = Debug;
		};
		5C17B4371A9A57430066E522 /* Release */ = {
			isa = XCBuildConfiguration;
			baseConfigurationReference = 544EF043772C676F68C9B33C /* Pods.release.xcconfig */;
			buildSettings = {
				ASSETCATALOG_COMPILER_APPICON_NAME = AppIcon;
				ASSETCATALOG_COMPILER_LAUNCHIMAGE_NAME = LaunchImage;
				CODE_SIGN_IDENTITY = "iPhone Developer: Kwang-Hee Park (XTF92X56W5)";
				INFOPLIST_FILE = NexJob/Info.plist;
				IPHONEOS_DEPLOYMENT_TARGET = 8.0;
				LD_RUNPATH_SEARCH_PATHS = "$(inherited) @executable_path/Frameworks";
				PRODUCT_NAME = "$(TARGET_NAME)";
				PROVISIONING_PROFILE = "a43aaede-0a7e-46bd-a136-23a045ff350f";
			};
			name = Release;
		};
		5C17B4391A9A57430066E522 /* Debug */ = {
			isa = XCBuildConfiguration;
			buildSettings = {
				BUNDLE_LOADER = "$(TEST_HOST)";
				FRAMEWORK_SEARCH_PATHS = (
					"$(SDKROOT)/Developer/Library/Frameworks",
					"$(inherited)",
				);
				GCC_PREPROCESSOR_DEFINITIONS = (
					"DEBUG=1",
					"$(inherited)",
				);
				INFOPLIST_FILE = NexJobTests/Info.plist;
				LD_RUNPATH_SEARCH_PATHS = "$(inherited) @executable_path/Frameworks @loader_path/Frameworks";
				PRODUCT_NAME = "$(TARGET_NAME)";
				TEST_HOST = "$(BUILT_PRODUCTS_DIR)/NexJob.app/NexJob";
			};
			name = Debug;
		};
		5C17B43A1A9A57430066E522 /* Release */ = {
			isa = XCBuildConfiguration;
			buildSettings = {
				BUNDLE_LOADER = "$(TEST_HOST)";
				FRAMEWORK_SEARCH_PATHS = (
					"$(SDKROOT)/Developer/Library/Frameworks",
					"$(inherited)",
				);
				INFOPLIST_FILE = NexJobTests/Info.plist;
				LD_RUNPATH_SEARCH_PATHS = "$(inherited) @executable_path/Frameworks @loader_path/Frameworks";
				PRODUCT_NAME = "$(TARGET_NAME)";
				TEST_HOST = "$(BUILT_PRODUCTS_DIR)/NexJob.app/NexJob";
			};
			name = Release;
		};
/* End XCBuildConfiguration section */

/* Begin XCConfigurationList section */
		5C17B40A1A9A57420066E522 /* Build configuration list for PBXProject "NexJob" */ = {
			isa = XCConfigurationList;
			buildConfigurations = (
				5C17B4331A9A57430066E522 /* Debug */,
				5C17B4341A9A57430066E522 /* Release */,
			);
			defaultConfigurationIsVisible = 0;
			defaultConfigurationName = Release;
		};
		5C17B4351A9A57430066E522 /* Build configuration list for PBXNativeTarget "NexJob" */ = {
			isa = XCConfigurationList;
			buildConfigurations = (
				5C17B4361A9A57430066E522 /* Debug */,
				5C17B4371A9A57430066E522 /* Release */,
			);
			defaultConfigurationIsVisible = 0;
			defaultConfigurationName = Release;
		};
		5C17B4381A9A57430066E522 /* Build configuration list for PBXNativeTarget "NexJobTests" */ = {
			isa = XCConfigurationList;
			buildConfigurations = (
				5C17B4391A9A57430066E522 /* Debug */,
				5C17B43A1A9A57430066E522 /* Release */,
			);
			defaultConfigurationIsVisible = 0;
			defaultConfigurationName = Release;
		};
/* End XCConfigurationList section */

/* Begin XCVersionGroup section */
		5C17B4191A9A57420066E522 /* NexJob.xcdatamodeld */ = {
			isa = XCVersionGroup;
			children = (
				5C17B41A1A9A57420066E522 /* NexJob.xcdatamodel */,
			);
			currentVersion = 5C17B41A1A9A57420066E522 /* NexJob.xcdatamodel */;
			path = NexJob.xcdatamodeld;
			sourceTree = "<group>";
			versionGroupType = wrapper.xcdatamodel;
		};
/* End XCVersionGroup section */
	};
	rootObject = 5C17B4071A9A57420066E522 /* Project object */;
}
