<?xml version="1.0" encoding="UTF-8"?>
<!DOCTYPE plist PUBLIC "-//Apple//DTD PLIST 1.0//EN" "http://www.apple.com/DTDs/PropertyList-1.0.dtd">
<plist version="1.0">
<dict>
	<key>archiveVersion</key>
	<string>1</string>
	<key>classes</key>
	<dict/>
	<key>objectVersion</key>
	<string>46</string>
	<key>objects</key>
	<dict>
		<key>2EF9B6CDA657C4C076DC8EC2</key>
		<dict>
			<key>children</key>
			<array>
				<string>49B3CDEDB52ABF84E2E25D02</string>
				<string>C784F006CD06A74448ECD5A6</string>
			</array>
			<key>isa</key>
			<string>PBXGroup</string>
			<key>name</key>
			<string>Pods</string>
			<key>sourceTree</key>
			<string>&lt;group&gt;</string>
		</dict>
		<key>39BC2211CCA21BF3B82F221D</key>
		<dict>
			<key>explicitFileType</key>
			<string>archive.ar</string>
			<key>includeInIndex</key>
			<string>0</string>
			<key>isa</key>
			<string>PBXFileReference</string>
			<key>path</key>
			<string>libPods.a</string>
			<key>sourceTree</key>
			<string>BUILT_PRODUCTS_DIR</string>
		</dict>
		<key>3E3E44751A990C8700AAA47A</key>
		<dict>
			<key>children</key>
			<array>
				<string>3E3E44801A990C8700AAA47A</string>
				<string>3E3E449D1A990C8700AAA47A</string>
				<string>3E3E447F1A990C8700AAA47A</string>
				<string>2EF9B6CDA657C4C076DC8EC2</string>
				<string>EDE908EE50785A1E19B551D7</string>
			</array>
			<key>isa</key>
			<string>PBXGroup</string>
			<key>sourceTree</key>
			<string>&lt;group&gt;</string>
		</dict>
		<key>3E3E44761A990C8700AAA47A</key>
		<dict>
			<key>attributes</key>
			<dict>
				<key>LastUpgradeCheck</key>
				<string>0610</string>
				<key>ORGANIZATIONNAME</key>
				<string>War of the Totems</string>
				<key>TargetAttributes</key>
				<dict>
					<key>3E3E447D1A990C8700AAA47A</key>
					<dict>
						<key>CreatedOnToolsVersion</key>
						<string>6.1.1</string>
					</dict>
					<key>3E3E44991A990C8700AAA47A</key>
					<dict>
						<key>CreatedOnToolsVersion</key>
						<string>6.1.1</string>
						<key>TestTargetID</key>
						<string>3E3E447D1A990C8700AAA47A</string>
					</dict>
				</dict>
			</dict>
			<key>buildConfigurationList</key>
			<string>3E3E44791A990C8700AAA47A</string>
			<key>compatibilityVersion</key>
			<string>Xcode 3.2</string>
			<key>developmentRegion</key>
			<string>English</string>
			<key>hasScannedForEncodings</key>
			<string>0</string>
			<key>isa</key>
			<string>PBXProject</string>
			<key>knownRegions</key>
			<array>
				<string>en</string>
				<string>Base</string>
			</array>
			<key>mainGroup</key>
			<string>3E3E44751A990C8700AAA47A</string>
			<key>productRefGroup</key>
			<string>3E3E447F1A990C8700AAA47A</string>
			<key>projectDirPath</key>
			<string></string>
			<key>projectReferences</key>
			<array/>
			<key>projectRoot</key>
			<string></string>
			<key>targets</key>
			<array>
				<string>3E3E447D1A990C8700AAA47A</string>
				<string>3E3E44991A990C8700AAA47A</string>
			</array>
		</dict>
		<key>3E3E44791A990C8700AAA47A</key>
		<dict>
			<key>buildConfigurations</key>
			<array>
				<string>3E3E44A21A990C8700AAA47A</string>
				<string>3E3E44A31A990C8700AAA47A</string>
			</array>
			<key>defaultConfigurationIsVisible</key>
			<string>0</string>
			<key>defaultConfigurationName</key>
			<string>Release</string>
			<key>isa</key>
			<string>XCConfigurationList</string>
		</dict>
		<key>3E3E447A1A990C8700AAA47A</key>
		<dict>
			<key>buildActionMask</key>
			<string>2147483647</string>
			<key>files</key>
			<array>
				<string>5C6A17CD1A99165F00272C6B</string>
				<string>5C6A17C71A99164600272C6B</string>
				<string>3E3E448A1A990C8700AAA47A</string>
				<string>3E3E44871A990C8700AAA47A</string>
				<string>3E3E44841A990C8700AAA47A</string>
				<string>5C6A17D11A991EBA00272C6B</string>
				<string>5C6A17C21A9912CE00272C6B</string>
				<string>5C6A17D71A991F9B00272C6B</string>
			</array>
			<key>isa</key>
			<string>PBXSourcesBuildPhase</string>
			<key>runOnlyForDeploymentPostprocessing</key>
			<string>0</string>
		</dict>
		<key>3E3E447B1A990C8700AAA47A</key>
		<dict>
			<key>buildActionMask</key>
			<string>2147483647</string>
			<key>files</key>
			<array>
				<string>D84390520E9574551D92CFC6</string>
			</array>
			<key>isa</key>
			<string>PBXFrameworksBuildPhase</string>
			<key>runOnlyForDeploymentPostprocessing</key>
			<string>0</string>
		</dict>
		<key>3E3E447C1A990C8700AAA47A</key>
		<dict>
			<key>buildActionMask</key>
			<string>2147483647</string>
			<key>files</key>
			<array>
				<string>5C6A17CE1A99165F00272C6B</string>
				<string>3E3E44901A990C8700AAA47A</string>
				<string>3E3E44951A990C8700AAA47A</string>
				<string>5C6A17C81A99164600272C6B</string>
				<string>3E3E44921A990C8700AAA47A</string>
				<string>3E3E44AD1A990ECF00AAA47A</string>
				<string>3E3E44AB1A990ECA00AAA47A</string>
				<string>3E3E44AF1A990F1800AAA47A</string>
			</array>
			<key>isa</key>
			<string>PBXResourcesBuildPhase</string>
			<key>runOnlyForDeploymentPostprocessing</key>
			<string>0</string>
		</dict>
		<key>3E3E447D1A990C8700AAA47A</key>
		<dict>
			<key>buildConfigurationList</key>
			<string>3E3E44A41A990C8700AAA47A</string>
			<key>buildPhases</key>
			<array>
				<string>E4B5C057CA9AE9DE6A5B44C9</string>
				<string>3E3E447A1A990C8700AAA47A</string>
				<string>3E3E447B1A990C8700AAA47A</string>
				<string>3E3E447C1A990C8700AAA47A</string>
				<string>BD68E9BFC1BC51C7365FD3FF</string>
			</array>
			<key>buildRules</key>
			<array/>
			<key>dependencies</key>
			<array/>
			<key>isa</key>
			<string>PBXNativeTarget</string>
			<key>name</key>
			<string>NexJob</string>
			<key>productName</key>
			<string>NexJob</string>
			<key>productReference</key>
			<string>3E3E447E1A990C8700AAA47A</string>
			<key>productType</key>
			<string>com.apple.product-type.application</string>
		</dict>
		<key>3E3E447E1A990C8700AAA47A</key>
		<dict>
			<key>explicitFileType</key>
			<string>wrapper.application</string>
			<key>includeInIndex</key>
			<string>0</string>
			<key>isa</key>
			<string>PBXFileReference</string>
			<key>path</key>
			<string>NexJob.app</string>
			<key>sourceTree</key>
			<string>BUILT_PRODUCTS_DIR</string>
		</dict>
		<key>3E3E447F1A990C8700AAA47A</key>
		<dict>
			<key>children</key>
			<array>
				<string>3E3E447E1A990C8700AAA47A</string>
				<string>3E3E449A1A990C8700AAA47A</string>
			</array>
			<key>isa</key>
			<string>PBXGroup</string>
			<key>name</key>
			<string>Products</string>
			<key>sourceTree</key>
			<string>&lt;group&gt;</string>
		</dict>
		<key>3E3E44801A990C8700AAA47A</key>
		<dict>
			<key>children</key>
			<array>
				<string>3E3E44851A990C8700AAA47A</string>
				<string>3E3E44861A990C8700AAA47A</string>
				<string>3E3E448E1A990C8700AAA47A</string>
				<string>3E3E44911A990C8700AAA47A</string>
				<string>5C6A17BF1A99120E00272C6B</string>
				<string>3E3E44931A990C8700AAA47A</string>
				<string>3E3E44881A990C8700AAA47A</string>
				<string>3E3E44811A990C8700AAA47A</string>
			</array>
			<key>isa</key>
			<string>PBXGroup</string>
			<key>path</key>
			<string>NexJob</string>
			<key>sourceTree</key>
			<string>&lt;group&gt;</string>
		</dict>
		<key>3E3E44811A990C8700AAA47A</key>
		<dict>
			<key>children</key>
			<array>
				<string>3E3E44AA1A990ECA00AAA47A</string>
				<string>3E3E44AE1A990F1800AAA47A</string>
				<string>3E3E44AC1A990ECF00AAA47A</string>
				<string>3E3E44821A990C8700AAA47A</string>
				<string>3E3E44831A990C8700AAA47A</string>
			</array>
			<key>isa</key>
			<string>PBXGroup</string>
			<key>name</key>
			<string>Supporting Files</string>
			<key>sourceTree</key>
			<string>&lt;group&gt;</string>
		</dict>
		<key>3E3E44821A990C8700AAA47A</key>
		<dict>
			<key>isa</key>
			<string>PBXFileReference</string>
			<key>lastKnownFileType</key>
			<string>text.plist.xml</string>
			<key>path</key>
			<string>Info.plist</string>
			<key>sourceTree</key>
			<string>&lt;group&gt;</string>
		</dict>
		<key>3E3E44831A990C8700AAA47A</key>
		<dict>
			<key>isa</key>
			<string>PBXFileReference</string>
			<key>lastKnownFileType</key>
			<string>sourcecode.c.objc</string>
			<key>path</key>
			<string>main.m</string>
			<key>sourceTree</key>
			<string>&lt;group&gt;</string>
		</dict>
		<key>3E3E44841A990C8700AAA47A</key>
		<dict>
			<key>fileRef</key>
			<string>3E3E44831A990C8700AAA47A</string>
			<key>isa</key>
			<string>PBXBuildFile</string>
		</dict>
		<key>3E3E44851A990C8700AAA47A</key>
		<dict>
			<key>isa</key>
			<string>PBXFileReference</string>
			<key>lastKnownFileType</key>
			<string>sourcecode.c.h</string>
			<key>path</key>
			<string>AppDelegate.h</string>
			<key>sourceTree</key>
			<string>&lt;group&gt;</string>
		</dict>
		<key>3E3E44861A990C8700AAA47A</key>
		<dict>
			<key>isa</key>
			<string>PBXFileReference</string>
			<key>lastKnownFileType</key>
			<string>sourcecode.c.objc</string>
			<key>path</key>
			<string>AppDelegate.m</string>
			<key>sourceTree</key>
			<string>&lt;group&gt;</string>
		</dict>
		<key>3E3E44871A990C8700AAA47A</key>
		<dict>
			<key>fileRef</key>
			<string>3E3E44861A990C8700AAA47A</string>
			<key>isa</key>
			<string>PBXBuildFile</string>
		</dict>
		<key>3E3E44881A990C8700AAA47A</key>
		<dict>
			<key>children</key>
			<array>
				<string>3E3E44891A990C8700AAA47A</string>
			</array>
			<key>currentVersion</key>
			<string>3E3E44891A990C8700AAA47A</string>
			<key>isa</key>
			<string>XCVersionGroup</string>
			<key>path</key>
			<string>NexJob.xcdatamodeld</string>
			<key>sourceTree</key>
			<string>&lt;group&gt;</string>
			<key>versionGroupType</key>
			<string>wrapper.xcdatamodel</string>
		</dict>
		<key>3E3E44891A990C8700AAA47A</key>
		<dict>
			<key>isa</key>
			<string>PBXFileReference</string>
			<key>lastKnownFileType</key>
			<string>wrapper.xcdatamodel</string>
			<key>path</key>
			<string>NexJob.xcdatamodel</string>
			<key>sourceTree</key>
			<string>&lt;group&gt;</string>
		</dict>
		<key>3E3E448A1A990C8700AAA47A</key>
		<dict>
			<key>fileRef</key>
			<string>3E3E44881A990C8700AAA47A</string>
			<key>isa</key>
			<string>PBXBuildFile</string>
		</dict>
		<key>3E3E448E1A990C8700AAA47A</key>
		<dict>
			<key>children</key>
			<array>
				<string>3E3E448F1A990C8700AAA47A</string>
			</array>
			<key>isa</key>
			<string>PBXVariantGroup</string>
			<key>name</key>
			<string>Main.storyboard</string>
			<key>sourceTree</key>
			<string>&lt;group&gt;</string>
		</dict>
		<key>3E3E448F1A990C8700AAA47A</key>
		<dict>
			<key>isa</key>
			<string>PBXFileReference</string>
			<key>lastKnownFileType</key>
			<string>file.storyboard</string>
			<key>name</key>
			<string>Base</string>
			<key>path</key>
			<string>Base.lproj/Main.storyboard</string>
			<key>sourceTree</key>
			<string>&lt;group&gt;</string>
		</dict>
		<key>3E3E44901A990C8700AAA47A</key>
		<dict>
			<key>fileRef</key>
			<string>3E3E448E1A990C8700AAA47A</string>
			<key>isa</key>
			<string>PBXBuildFile</string>
		</dict>
		<key>3E3E44911A990C8700AAA47A</key>
		<dict>
			<key>isa</key>
			<string>PBXFileReference</string>
			<key>lastKnownFileType</key>
			<string>folder.assetcatalog</string>
			<key>path</key>
			<string>Images.xcassets</string>
			<key>sourceTree</key>
			<string>&lt;group&gt;</string>
		</dict>
		<key>3E3E44921A990C8700AAA47A</key>
		<dict>
			<key>fileRef</key>
			<string>3E3E44911A990C8700AAA47A</string>
			<key>isa</key>
			<string>PBXBuildFile</string>
		</dict>
		<key>3E3E44931A990C8700AAA47A</key>
		<dict>
			<key>children</key>
			<array>
				<string>3E3E44941A990C8700AAA47A</string>
			</array>
			<key>isa</key>
			<string>PBXVariantGroup</string>
			<key>name</key>
			<string>LaunchScreen.xib</string>
			<key>sourceTree</key>
			<string>&lt;group&gt;</string>
		</dict>
		<key>3E3E44941A990C8700AAA47A</key>
		<dict>
			<key>isa</key>
			<string>PBXFileReference</string>
			<key>lastKnownFileType</key>
			<string>file.xib</string>
			<key>name</key>
			<string>Base</string>
			<key>path</key>
			<string>Base.lproj/LaunchScreen.xib</string>
			<key>sourceTree</key>
			<string>&lt;group&gt;</string>
		</dict>
		<key>3E3E44951A990C8700AAA47A</key>
		<dict>
			<key>fileRef</key>
			<string>3E3E44931A990C8700AAA47A</string>
			<key>isa</key>
			<string>PBXBuildFile</string>
		</dict>
		<key>3E3E44961A990C8700AAA47A</key>
		<dict>
			<key>buildActionMask</key>
			<string>2147483647</string>
			<key>files</key>
			<array>
				<string>3E3E44A11A990C8700AAA47A</string>
			</array>
			<key>isa</key>
			<string>PBXSourcesBuildPhase</string>
			<key>runOnlyForDeploymentPostprocessing</key>
			<string>0</string>
		</dict>
		<key>3E3E44971A990C8700AAA47A</key>
		<dict>
			<key>buildActionMask</key>
			<string>2147483647</string>
			<key>files</key>
			<array/>
			<key>isa</key>
			<string>PBXFrameworksBuildPhase</string>
			<key>runOnlyForDeploymentPostprocessing</key>
			<string>0</string>
		</dict>
		<key>3E3E44981A990C8700AAA47A</key>
		<dict>
			<key>buildActionMask</key>
			<string>2147483647</string>
			<key>files</key>
			<array/>
			<key>isa</key>
			<string>PBXResourcesBuildPhase</string>
			<key>runOnlyForDeploymentPostprocessing</key>
			<string>0</string>
		</dict>
		<key>3E3E44991A990C8700AAA47A</key>
		<dict>
			<key>buildConfigurationList</key>
			<string>3E3E44A71A990C8700AAA47A</string>
			<key>buildPhases</key>
			<array>
				<string>3E3E44961A990C8700AAA47A</string>
				<string>3E3E44971A990C8700AAA47A</string>
				<string>3E3E44981A990C8700AAA47A</string>
			</array>
			<key>buildRules</key>
			<array/>
			<key>dependencies</key>
			<array>
				<string>3E3E449C1A990C8700AAA47A</string>
			</array>
			<key>isa</key>
			<string>PBXNativeTarget</string>
			<key>name</key>
			<string>NexJobTests</string>
			<key>productName</key>
			<string>NexJobTests</string>
			<key>productReference</key>
			<string>3E3E449A1A990C8700AAA47A</string>
			<key>productType</key>
			<string>com.apple.product-type.bundle.unit-test</string>
		</dict>
		<key>3E3E449A1A990C8700AAA47A</key>
		<dict>
			<key>explicitFileType</key>
			<string>wrapper.cfbundle</string>
			<key>includeInIndex</key>
			<string>0</string>
			<key>isa</key>
			<string>PBXFileReference</string>
			<key>path</key>
			<string>NexJobTests.xctest</string>
			<key>sourceTree</key>
			<string>BUILT_PRODUCTS_DIR</string>
		</dict>
		<key>3E3E449B1A990C8700AAA47A</key>
		<dict>
			<key>containerPortal</key>
			<string>3E3E44761A990C8700AAA47A</string>
			<key>isa</key>
			<string>PBXContainerItemProxy</string>
			<key>proxyType</key>
			<string>1</string>
			<key>remoteGlobalIDString</key>
			<string>3E3E447D1A990C8700AAA47A</string>
			<key>remoteInfo</key>
			<string>NexJob</string>
		</dict>
		<key>3E3E449C1A990C8700AAA47A</key>
		<dict>
			<key>isa</key>
			<string>PBXTargetDependency</string>
			<key>target</key>
			<string>3E3E447D1A990C8700AAA47A</string>
			<key>targetProxy</key>
			<string>3E3E449B1A990C8700AAA47A</string>
		</dict>
		<key>3E3E449D1A990C8700AAA47A</key>
		<dict>
			<key>children</key>
			<array>
				<string>3E3E44A01A990C8700AAA47A</string>
				<string>3E3E449E1A990C8700AAA47A</string>
			</array>
			<key>isa</key>
			<string>PBXGroup</string>
			<key>path</key>
			<string>NexJobTests</string>
			<key>sourceTree</key>
			<string>&lt;group&gt;</string>
		</dict>
		<key>3E3E449E1A990C8700AAA47A</key>
		<dict>
			<key>children</key>
			<array>
				<string>3E3E449F1A990C8700AAA47A</string>
			</array>
			<key>isa</key>
			<string>PBXGroup</string>
			<key>name</key>
			<string>Supporting Files</string>
			<key>sourceTree</key>
			<string>&lt;group&gt;</string>
		</dict>
		<key>3E3E449F1A990C8700AAA47A</key>
		<dict>
			<key>isa</key>
			<string>PBXFileReference</string>
			<key>lastKnownFileType</key>
			<string>text.plist.xml</string>
			<key>path</key>
			<string>Info.plist</string>
			<key>sourceTree</key>
			<string>&lt;group&gt;</string>
		</dict>
		<key>3E3E44A01A990C8700AAA47A</key>
		<dict>
			<key>isa</key>
			<string>PBXFileReference</string>
			<key>lastKnownFileType</key>
			<string>sourcecode.c.objc</string>
			<key>path</key>
			<string>NexJobTests.m</string>
			<key>sourceTree</key>
			<string>&lt;group&gt;</string>
		</dict>
		<key>3E3E44A11A990C8700AAA47A</key>
		<dict>
			<key>fileRef</key>
			<string>3E3E44A01A990C8700AAA47A</string>
			<key>isa</key>
			<string>PBXBuildFile</string>
		</dict>
		<key>3E3E44A21A990C8700AAA47A</key>
		<dict>
			<key>buildSettings</key>
			<dict>
				<key>ALWAYS_SEARCH_USER_PATHS</key>
				<string>NO</string>
				<key>CLANG_CXX_LANGUAGE_STANDARD</key>
				<string>gnu++0x</string>
				<key>CLANG_CXX_LIBRARY</key>
				<string>libc++</string>
				<key>CLANG_ENABLE_MODULES</key>
				<string>YES</string>
				<key>CLANG_ENABLE_OBJC_ARC</key>
				<string>YES</string>
				<key>CLANG_WARN_BOOL_CONVERSION</key>
				<string>YES</string>
				<key>CLANG_WARN_CONSTANT_CONVERSION</key>
				<string>YES</string>
				<key>CLANG_WARN_DIRECT_OBJC_ISA_USAGE</key>
				<string>YES_ERROR</string>
				<key>CLANG_WARN_EMPTY_BODY</key>
				<string>YES</string>
				<key>CLANG_WARN_ENUM_CONVERSION</key>
				<string>YES</string>
				<key>CLANG_WARN_INT_CONVERSION</key>
				<string>YES</string>
				<key>CLANG_WARN_OBJC_ROOT_CLASS</key>
				<string>YES_ERROR</string>
				<key>CLANG_WARN_UNREACHABLE_CODE</key>
				<string>YES</string>
				<key>CLANG_WARN__DUPLICATE_METHOD_MATCH</key>
				<string>YES</string>
				<key>CODE_SIGN_IDENTITY[sdk=iphoneos*]</key>
				<string>iPhone Developer</string>
				<key>COPY_PHASE_STRIP</key>
				<string>NO</string>
				<key>ENABLE_STRICT_OBJC_MSGSEND</key>
				<string>YES</string>
				<key>GCC_C_LANGUAGE_STANDARD</key>
				<string>gnu99</string>
				<key>GCC_DYNAMIC_NO_PIC</key>
				<string>NO</string>
				<key>GCC_OPTIMIZATION_LEVEL</key>
				<string>0</string>
				<key>GCC_PREPROCESSOR_DEFINITIONS</key>
				<array>
					<string>DEBUG=1</string>
					<string>$(inherited)</string>
				</array>
				<key>GCC_SYMBOLS_PRIVATE_EXTERN</key>
				<string>NO</string>
				<key>GCC_WARN_64_TO_32_BIT_CONVERSION</key>
				<string>YES</string>
				<key>GCC_WARN_ABOUT_RETURN_TYPE</key>
				<string>YES_ERROR</string>
				<key>GCC_WARN_UNDECLARED_SELECTOR</key>
				<string>YES</string>
				<key>GCC_WARN_UNINITIALIZED_AUTOS</key>
				<string>YES_AGGRESSIVE</string>
				<key>GCC_WARN_UNUSED_FUNCTION</key>
				<string>YES</string>
				<key>GCC_WARN_UNUSED_VARIABLE</key>
				<string>YES</string>
				<key>IPHONEOS_DEPLOYMENT_TARGET</key>
				<string>8.1</string>
				<key>MTL_ENABLE_DEBUG_INFO</key>
				<string>YES</string>
				<key>ONLY_ACTIVE_ARCH</key>
				<string>YES</string>
				<key>SDKROOT</key>
				<string>iphoneos</string>
			</dict>
			<key>isa</key>
			<string>XCBuildConfiguration</string>
			<key>name</key>
			<string>Debug</string>
		</dict>
		<key>3E3E44A31A990C8700AAA47A</key>
		<dict>
			<key>buildSettings</key>
			<dict>
				<key>ALWAYS_SEARCH_USER_PATHS</key>
				<string>NO</string>
				<key>CLANG_CXX_LANGUAGE_STANDARD</key>
				<string>gnu++0x</string>
				<key>CLANG_CXX_LIBRARY</key>
				<string>libc++</string>
				<key>CLANG_ENABLE_MODULES</key>
				<string>YES</string>
				<key>CLANG_ENABLE_OBJC_ARC</key>
				<string>YES</string>
				<key>CLANG_WARN_BOOL_CONVERSION</key>
				<string>YES</string>
				<key>CLANG_WARN_CONSTANT_CONVERSION</key>
				<string>YES</string>
				<key>CLANG_WARN_DIRECT_OBJC_ISA_USAGE</key>
				<string>YES_ERROR</string>
				<key>CLANG_WARN_EMPTY_BODY</key>
				<string>YES</string>
				<key>CLANG_WARN_ENUM_CONVERSION</key>
				<string>YES</string>
				<key>CLANG_WARN_INT_CONVERSION</key>
				<string>YES</string>
				<key>CLANG_WARN_OBJC_ROOT_CLASS</key>
				<string>YES_ERROR</string>
				<key>CLANG_WARN_UNREACHABLE_CODE</key>
				<string>YES</string>
				<key>CLANG_WARN__DUPLICATE_METHOD_MATCH</key>
				<string>YES</string>
				<key>CODE_SIGN_IDENTITY[sdk=iphoneos*]</key>
				<string>iPhone Developer</string>
				<key>COPY_PHASE_STRIP</key>
				<string>YES</string>
				<key>ENABLE_NS_ASSERTIONS</key>
				<string>NO</string>
				<key>ENABLE_STRICT_OBJC_MSGSEND</key>
				<string>YES</string>
				<key>GCC_C_LANGUAGE_STANDARD</key>
				<string>gnu99</string>
				<key>GCC_WARN_64_TO_32_BIT_CONVERSION</key>
				<string>YES</string>
				<key>GCC_WARN_ABOUT_RETURN_TYPE</key>
				<string>YES_ERROR</string>
				<key>GCC_WARN_UNDECLARED_SELECTOR</key>
				<string>YES</string>
				<key>GCC_WARN_UNINITIALIZED_AUTOS</key>
				<string>YES_AGGRESSIVE</string>
				<key>GCC_WARN_UNUSED_FUNCTION</key>
				<string>YES</string>
				<key>GCC_WARN_UNUSED_VARIABLE</key>
				<string>YES</string>
				<key>IPHONEOS_DEPLOYMENT_TARGET</key>
				<string>8.1</string>
				<key>MTL_ENABLE_DEBUG_INFO</key>
				<string>NO</string>
				<key>SDKROOT</key>
				<string>iphoneos</string>
				<key>VALIDATE_PRODUCT</key>
				<string>YES</string>
			</dict>
			<key>isa</key>
			<string>XCBuildConfiguration</string>
			<key>name</key>
			<string>Release</string>
		</dict>
		<key>3E3E44A41A990C8700AAA47A</key>
		<dict>
			<key>buildConfigurations</key>
			<array>
				<string>3E3E44A51A990C8700AAA47A</string>
				<string>3E3E44A61A990C8700AAA47A</string>
			</array>
			<key>defaultConfigurationIsVisible</key>
			<string>0</string>
			<key>defaultConfigurationName</key>
			<string>Release</string>
			<key>isa</key>
			<string>XCConfigurationList</string>
		</dict>
		<key>3E3E44A51A990C8700AAA47A</key>
		<dict>
			<key>baseConfigurationReference</key>
			<string>49B3CDEDB52ABF84E2E25D02</string>
			<key>buildSettings</key>
			<dict>
				<key>ASSETCATALOG_COMPILER_APPICON_NAME</key>
				<string>AppIcon</string>
				<key>INFOPLIST_FILE</key>
				<string>NexJob/Info.plist</string>
				<key>IPHONEOS_DEPLOYMENT_TARGET</key>
				<string>8.0</string>
				<key>LD_RUNPATH_SEARCH_PATHS</key>
				<string>$(inherited) @executable_path/Frameworks</string>
				<key>PRODUCT_NAME</key>
				<string>$(TARGET_NAME)</string>
			</dict>
			<key>isa</key>
			<string>XCBuildConfiguration</string>
			<key>name</key>
			<string>Debug</string>
		</dict>
		<key>3E3E44A61A990C8700AAA47A</key>
		<dict>
			<key>baseConfigurationReference</key>
			<string>C784F006CD06A74448ECD5A6</string>
			<key>buildSettings</key>
			<dict>
				<key>ASSETCATALOG_COMPILER_APPICON_NAME</key>
				<string>AppIcon</string>
				<key>INFOPLIST_FILE</key>
				<string>NexJob/Info.plist</string>
				<key>IPHONEOS_DEPLOYMENT_TARGET</key>
				<string>8.0</string>
				<key>LD_RUNPATH_SEARCH_PATHS</key>
				<string>$(inherited) @executable_path/Frameworks</string>
				<key>PRODUCT_NAME</key>
				<string>$(TARGET_NAME)</string>
			</dict>
			<key>isa</key>
			<string>XCBuildConfiguration</string>
			<key>name</key>
			<string>Release</string>
		</dict>
		<key>3E3E44A71A990C8700AAA47A</key>
		<dict>
			<key>buildConfigurations</key>
			<array>
				<string>3E3E44A81A990C8700AAA47A</string>
				<string>3E3E44A91A990C8700AAA47A</string>
			</array>
			<key>defaultConfigurationIsVisible</key>
			<string>0</string>
			<key>defaultConfigurationName</key>
			<string>Release</string>
			<key>isa</key>
			<string>XCConfigurationList</string>
		</dict>
		<key>3E3E44A81A990C8700AAA47A</key>
		<dict>
			<key>buildSettings</key>
			<dict>
				<key>BUNDLE_LOADER</key>
				<string>$(TEST_HOST)</string>
				<key>FRAMEWORK_SEARCH_PATHS</key>
				<array>
					<string>$(SDKROOT)/Developer/Library/Frameworks</string>
					<string>$(inherited)</string>
				</array>
				<key>GCC_PREPROCESSOR_DEFINITIONS</key>
				<array>
					<string>DEBUG=1</string>
					<string>$(inherited)</string>
				</array>
				<key>INFOPLIST_FILE</key>
				<string>NexJobTests/Info.plist</string>
				<key>LD_RUNPATH_SEARCH_PATHS</key>
				<string>$(inherited) @executable_path/Frameworks @loader_path/Frameworks</string>
				<key>PRODUCT_NAME</key>
				<string>$(TARGET_NAME)</string>
				<key>TEST_HOST</key>
				<string>$(BUILT_PRODUCTS_DIR)/NexJob.app/NexJob</string>
			</dict>
			<key>isa</key>
			<string>XCBuildConfiguration</string>
			<key>name</key>
			<string>Debug</string>
		</dict>
		<key>3E3E44A91A990C8700AAA47A</key>
		<dict>
			<key>buildSettings</key>
			<dict>
				<key>BUNDLE_LOADER</key>
				<string>$(TEST_HOST)</string>
				<key>FRAMEWORK_SEARCH_PATHS</key>
				<array>
					<string>$(SDKROOT)/Developer/Library/Frameworks</string>
					<string>$(inherited)</string>
				</array>
				<key>INFOPLIST_FILE</key>
				<string>NexJobTests/Info.plist</string>
				<key>LD_RUNPATH_SEARCH_PATHS</key>
				<string>$(inherited) @executable_path/Frameworks @loader_path/Frameworks</string>
				<key>PRODUCT_NAME</key>
				<string>$(TARGET_NAME)</string>
				<key>TEST_HOST</key>
				<string>$(BUILT_PRODUCTS_DIR)/NexJob.app/NexJob</string>
			</dict>
			<key>isa</key>
			<string>XCBuildConfiguration</string>
			<key>name</key>
			<string>Release</string>
		</dict>
		<key>3E3E44AA1A990ECA00AAA47A</key>
		<dict>
			<key>fileEncoding</key>
			<string>4</string>
			<key>isa</key>
			<string>PBXFileReference</string>
			<key>lastKnownFileType</key>
			<string>text</string>
			<key>path</key>
			<string>datasetRef.txt</string>
			<key>sourceTree</key>
			<string>&lt;group&gt;</string>
		</dict>
		<key>3E3E44AB1A990ECA00AAA47A</key>
		<dict>
			<key>fileRef</key>
			<string>3E3E44AA1A990ECA00AAA47A</string>
			<key>isa</key>
			<string>PBXBuildFile</string>
		</dict>
		<key>3E3E44AC1A990ECF00AAA47A</key>
		<dict>
			<key>fileEncoding</key>
			<string>4</string>
			<key>isa</key>
			<string>PBXFileReference</string>
			<key>lastKnownFileType</key>
			<string>text.xml</string>
			<key>path</key>
			<string>NJDataSetA.xml</string>
			<key>sourceTree</key>
			<string>&lt;group&gt;</string>
		</dict>
		<key>3E3E44AD1A990ECF00AAA47A</key>
		<dict>
			<key>fileRef</key>
			<string>3E3E44AC1A990ECF00AAA47A</string>
			<key>isa</key>
			<string>PBXBuildFile</string>
		</dict>
		<key>3E3E44AE1A990F1800AAA47A</key>
		<dict>
			<key>fileEncoding</key>
			<string>4</string>
			<key>isa</key>
			<string>PBXFileReference</string>
			<key>lastKnownFileType</key>
			<string>text.xml</string>
			<key>path</key>
			<string>NJDataSetB.xml</string>
			<key>sourceTree</key>
			<string>&lt;group&gt;</string>
		</dict>
		<key>3E3E44AF1A990F1800AAA47A</key>
		<dict>
			<key>fileRef</key>
			<string>3E3E44AE1A990F1800AAA47A</string>
			<key>isa</key>
			<string>PBXBuildFile</string>
		</dict>
		<key>49B3CDEDB52ABF84E2E25D02</key>
		<dict>
			<key>includeInIndex</key>
			<string>1</string>
			<key>isa</key>
			<string>PBXFileReference</string>
			<key>lastKnownFileType</key>
			<string>text.xcconfig</string>
			<key>name</key>
			<string>Pods.debug.xcconfig</string>
			<key>path</key>
			<string>Pods/Target Support Files/Pods/Pods.debug.xcconfig</string>
			<key>sourceTree</key>
			<string>&lt;group&gt;</string>
		</dict>
		<key>5C6A17BF1A99120E00272C6B</key>
		<dict>
			<key>children</key>
			<array>
				<string>5C6A17D51A991F9B00272C6B</string>
				<string>5C6A17D61A991F9B00272C6B</string>
				<string>5C6A17CF1A991EBA00272C6B</string>
				<string>5C6A17D01A991EBA00272C6B</string>
				<string>5C6A17C01A9912CE00272C6B</string>
				<string>5C6A17C11A9912CE00272C6B</string>
				<string>5C6A17C31A99162800272C6B</string>
				<string>5C6A17C91A99164A00272C6B</string>
			</array>
			<key>isa</key>
			<string>PBXGroup</string>
			<key>name</key>
			<string>View Controllers</string>
			<key>sourceTree</key>
			<string>&lt;group&gt;</string>
		</dict>
		<key>5C6A17C01A9912CE00272C6B</key>
		<dict>
			<key>fileEncoding</key>
			<string>4</string>
			<key>isa</key>
			<string>PBXFileReference</string>
			<key>lastKnownFileType</key>
			<string>sourcecode.c.h</string>
			<key>path</key>
			<string>NJMainViewController.h</string>
			<key>sourceTree</key>
			<string>&lt;group&gt;</string>
		</dict>
		<key>5C6A17C11A9912CE00272C6B</key>
		<dict>
			<key>fileEncoding</key>
			<string>4</string>
			<key>isa</key>
			<string>PBXFileReference</string>
			<key>lastKnownFileType</key>
			<string>sourcecode.c.objc</string>
			<key>path</key>
			<string>NJMainViewController.m</string>
			<key>sourceTree</key>
			<string>&lt;group&gt;</string>
		</dict>
		<key>5C6A17C21A9912CE00272C6B</key>
		<dict>
			<key>fileRef</key>
			<string>5C6A17C11A9912CE00272C6B</string>
			<key>isa</key>
			<string>PBXBuildFile</string>
		</dict>
		<key>5C6A17C31A99162800272C6B</key>
		<dict>
			<key>children</key>
			<array>
				<string>5C6A17C41A99164600272C6B</string>
				<string>5C6A17C51A99164600272C6B</string>
				<string>5C6A17C61A99164600272C6B</string>
			</array>
			<key>isa</key>
			<string>PBXGroup</string>
			<key>name</key>
			<string>Jobs View Controller</string>
			<key>sourceTree</key>
			<string>&lt;group&gt;</string>
		</dict>
		<key>5C6A17C41A99164600272C6B</key>
		<dict>
			<key>fileEncoding</key>
			<string>4</string>
			<key>isa</key>
			<string>PBXFileReference</string>
			<key>lastKnownFileType</key>
			<string>sourcecode.c.h</string>
			<key>path</key>
			<string>NJJobsViewController.h</string>
			<key>sourceTree</key>
			<string>&lt;group&gt;</string>
		</dict>
		<key>5C6A17C51A99164600272C6B</key>
		<dict>
			<key>fileEncoding</key>
			<string>4</string>
			<key>isa</key>
			<string>PBXFileReference</string>
			<key>lastKnownFileType</key>
			<string>sourcecode.c.objc</string>
			<key>path</key>
			<string>NJJobsViewController.m</string>
			<key>sourceTree</key>
			<string>&lt;group&gt;</string>
		</dict>
		<key>5C6A17C61A99164600272C6B</key>
		<dict>
			<key>fileEncoding</key>
			<string>4</string>
			<key>isa</key>
			<string>PBXFileReference</string>
			<key>lastKnownFileType</key>
			<string>file.xib</string>
			<key>path</key>
			<string>NJJobsViewController.xib</string>
			<key>sourceTree</key>
			<string>&lt;group&gt;</string>
		</dict>
		<key>5C6A17C71A99164600272C6B</key>
		<dict>
			<key>fileRef</key>
			<string>5C6A17C51A99164600272C6B</string>
			<key>isa</key>
			<string>PBXBuildFile</string>
		</dict>
		<key>5C6A17C81A99164600272C6B</key>
		<dict>
			<key>fileRef</key>
			<string>5C6A17C61A99164600272C6B</string>
			<key>isa</key>
			<string>PBXBuildFile</string>
		</dict>
		<key>5C6A17C91A99164A00272C6B</key>
		<dict>
			<key>children</key>
			<array>
				<string>5C6A17CA1A99165F00272C6B</string>
				<string>5C6A17CB1A99165F00272C6B</string>
				<string>5C6A17CC1A99165F00272C6B</string>
			</array>
			<key>isa</key>
			<string>PBXGroup</string>
			<key>name</key>
			<string>Industries View Controller</string>
			<key>sourceTree</key>
			<string>&lt;group&gt;</string>
		</dict>
		<key>5C6A17CA1A99165F00272C6B</key>
		<dict>
			<key>fileEncoding</key>
			<string>4</string>
			<key>isa</key>
			<string>PBXFileReference</string>
			<key>lastKnownFileType</key>
			<string>sourcecode.c.h</string>
			<key>path</key>
			<string>NJIndustriesViewController.h</string>
			<key>sourceTree</key>
			<string>&lt;group&gt;</string>
		</dict>
		<key>5C6A17CB1A99165F00272C6B</key>
		<dict>
			<key>fileEncoding</key>
			<string>4</string>
			<key>isa</key>
			<string>PBXFileReference</string>
			<key>lastKnownFileType</key>
			<string>sourcecode.c.objc</string>
			<key>path</key>
			<string>NJIndustriesViewController.m</string>
			<key>sourceTree</key>
			<string>&lt;group&gt;</string>
		</dict>
		<key>5C6A17CC1A99165F00272C6B</key>
		<dict>
			<key>fileEncoding</key>
			<string>4</string>
			<key>isa</key>
			<string>PBXFileReference</string>
			<key>lastKnownFileType</key>
			<string>file.xib</string>
			<key>path</key>
			<string>NJIndustriesViewController.xib</string>
			<key>sourceTree</key>
			<string>&lt;group&gt;</string>
		</dict>
		<key>5C6A17CD1A99165F00272C6B</key>
		<dict>
			<key>fileRef</key>
			<string>5C6A17CB1A99165F00272C6B</string>
			<key>isa</key>
			<string>PBXBuildFile</string>
		</dict>
		<key>5C6A17CE1A99165F00272C6B</key>
		<dict>
			<key>fileRef</key>
			<string>5C6A17CC1A99165F00272C6B</string>
			<key>isa</key>
			<string>PBXBuildFile</string>
		</dict>
		<key>5C6A17CF1A991EBA00272C6B</key>
		<dict>
			<key>fileEncoding</key>
			<string>4</string>
			<key>isa</key>
			<string>PBXFileReference</string>
			<key>lastKnownFileType</key>
			<string>sourcecode.c.h</string>
			<key>path</key>
			<string>NJMainNavigationViewController.h</string>
			<key>sourceTree</key>
			<string>&lt;group&gt;</string>
		</dict>
		<key>5C6A17D01A991EBA00272C6B</key>
		<dict>
			<key>fileEncoding</key>
			<string>4</string>
			<key>isa</key>
			<string>PBXFileReference</string>
			<key>lastKnownFileType</key>
			<string>sourcecode.c.objc</string>
			<key>path</key>
			<string>NJMainNavigationViewController.m</string>
			<key>sourceTree</key>
			<string>&lt;group&gt;</string>
		</dict>
		<key>5C6A17D11A991EBA00272C6B</key>
		<dict>
			<key>fileRef</key>
			<string>5C6A17D01A991EBA00272C6B</string>
			<key>isa</key>
			<string>PBXBuildFile</string>
		</dict>
		<key>5C6A17D51A991F9B00272C6B</key>
		<dict>
			<key>fileEncoding</key>
			<string>4</string>
			<key>isa</key>
			<string>PBXFileReference</string>
			<key>lastKnownFileType</key>
			<string>sourcecode.c.h</string>
			<key>path</key>
			<string>NJMainTabBarController.h</string>
			<key>sourceTree</key>
			<string>&lt;group&gt;</string>
		</dict>
		<key>5C6A17D61A991F9B00272C6B</key>
		<dict>
			<key>fileEncoding</key>
			<string>4</string>
			<key>isa</key>
			<string>PBXFileReference</string>
			<key>lastKnownFileType</key>
			<string>sourcecode.c.objc</string>
			<key>path</key>
			<string>NJMainTabBarController.m</string>
			<key>sourceTree</key>
			<string>&lt;group&gt;</string>
		</dict>
		<key>5C6A17D71A991F9B00272C6B</key>
		<dict>
			<key>fileRef</key>
			<string>5C6A17D61A991F9B00272C6B</string>
			<key>isa</key>
			<string>PBXBuildFile</string>
		</dict>
		<key>BD68E9BFC1BC51C7365FD3FF</key>
		<dict>
			<key>buildActionMask</key>
			<string>2147483647</string>
			<key>files</key>
			<array/>
			<key>inputPaths</key>
			<array/>
			<key>isa</key>
			<string>PBXShellScriptBuildPhase</string>
			<key>name</key>
			<string>Copy Pods Resources</string>
			<key>outputPaths</key>
			<array/>
			<key>runOnlyForDeploymentPostprocessing</key>
			<string>0</string>
			<key>shellPath</key>
			<string>/bin/sh</string>
			<key>shellScript</key>
			<string>"${SRCROOT}/Pods/Target Support Files/Pods/Pods-resources.sh"
</string>
			<key>showEnvVarsInLog</key>
			<string>0</string>
		</dict>
		<key>C784F006CD06A74448ECD5A6</key>
		<dict>
			<key>includeInIndex</key>
			<string>1</string>
			<key>isa</key>
			<string>PBXFileReference</string>
			<key>lastKnownFileType</key>
			<string>text.xcconfig</string>
			<key>name</key>
			<string>Pods.release.xcconfig</string>
			<key>path</key>
			<string>Pods/Target Support Files/Pods/Pods.release.xcconfig</string>
			<key>sourceTree</key>
			<string>&lt;group&gt;</string>
		</dict>
		<key>D84390520E9574551D92CFC6</key>
		<dict>
			<key>fileRef</key>
			<string>39BC2211CCA21BF3B82F221D</string>
			<key>isa</key>
			<string>PBXBuildFile</string>
		</dict>
		<key>E4B5C057CA9AE9DE6A5B44C9</key>
		<dict>
			<key>buildActionMask</key>
			<string>2147483647</string>
			<key>files</key>
			<array/>
			<key>inputPaths</key>
			<array/>
			<key>isa</key>
			<string>PBXShellScriptBuildPhase</string>
			<key>name</key>
			<string>Check Pods Manifest.lock</string>
			<key>outputPaths</key>
			<array/>
			<key>runOnlyForDeploymentPostprocessing</key>
			<string>0</string>
			<key>shellPath</key>
			<string>/bin/sh</string>
			<key>shellScript</key>
			<string>diff "${PODS_ROOT}/../Podfile.lock" "${PODS_ROOT}/Manifest.lock" &gt; /dev/null
if [[ $? != 0 ]] ; then
    cat &lt;&lt; EOM
error: The sandbox is not in sync with the Podfile.lock. Run 'pod install' or update your CocoaPods installation.
EOM
    exit 1
fi
</string>
			<key>showEnvVarsInLog</key>
			<string>0</string>
		</dict>
		<key>EDE908EE50785A1E19B551D7</key>
		<dict>
			<key>children</key>
			<array>
				<string>39BC2211CCA21BF3B82F221D</string>
			</array>
			<key>isa</key>
			<string>PBXGroup</string>
			<key>name</key>
			<string>Frameworks</string>
			<key>sourceTree</key>
			<string>&lt;group&gt;</string>
		</dict>
	</dict>
	<key>rootObject</key>
	<string>3E3E44761A990C8700AAA47A</string>
</dict>
</plist>
